
Microsoft Visual Studio Solution File, Format Version 12.00
# Visual Studio 14
VisualStudioVersion = 14.0.25420.1
MinimumVisualStudioVersion = 10.0.40219.1
Project("{8BC9CEB8-8B4A-11D0-8D11-00A0C91BC942}") = "g2xml", "vc2015\g2xml.vcxproj", "{407355A4-D12A-4E3B-A7EB-A835E573B376}"
EndProject
Project("{8BC9CEB8-8B4A-11D0-8D11-00A0C91BC942}") = "xml2g", "vc2015\xml2g.vcxproj", "{3BAC3FE8-1CC4-487D-802A-E0A04B39BB6A}"
EndProject
Project("{8BC9CEB8-8B4A-11D0-8D11-00A0C91BC942}") = "libglest", "vc2015\shared_lib.vcxproj", "{8DAA0C24-95CD-4F66-B4C5-19ABDD771746}"
EndProject
Project("{8BC9CEB8-8B4A-11D0-8D11-00A0C91BC942}") = "glest_game", "vc2015\glest_game.vcxproj", "{6B0C65F1-D031-46AF-AC0D-7C38892D2952}"
EndProject
Project("{8BC9CEB8-8B4A-11D0-8D11-00A0C91BC942}") = "glest_editor", "vc2015\glest_editor.vcxproj", "{5D09BE33-81EC-450B-8A7B-2E7B941ADC56}"
EndProject
Project("{8BC9CEB8-8B4A-11D0-8D11-00A0C91BC942}") = "g3d_viewer", "vc2015\g3d_viewer.vcxproj", "{FE5C7C7C-F109-44F5-8329-25A4E24F162C}"
EndProject
Project("{8BC9CEB8-8B4A-11D0-8D11-00A0C91BC942}") = "megaglest_tests", "vc2015\megaglest_tests.vcxproj", "{9A3DE527-6000-40BB-B971-F0FCAD9FF519}"
	ProjectSection(ProjectDependencies) = postProject
		{8DAA0C24-95CD-4F66-B4C5-19ABDD771746} = {8DAA0C24-95CD-4F66-B4C5-19ABDD771746}
	EndProjectSection
EndProject
Project("{8BC9CEB8-8B4A-11D0-8D11-00A0C91BC942}") = "libstreflop", "vc2015\libstreflop.vcxproj", "{CDF4DDB9-945E-4D0D-9F0E-2BBEB5D22141}"
EndProject
Project("{2150E333-8FDC-42A3-9474-1A3956D46DE8}") = "Solution Items", "Solution Items", "{03F699FB-E7F4-4C26-9858-AAEC77D65E35}"
	ProjectSection(SolutionItems) = preProject
		Performance1.psess = Performance1.psess
	EndProjectSection
EndProject
Global
	GlobalSection(Performance) = preSolution
		HasPerformanceSessions = true
	EndGlobalSection
	GlobalSection(SolutionConfigurationPlatforms) = preSolution
		Debug|Mixed Platforms = Debug|Mixed Platforms
		Debug|Win32 = Debug|Win32
		Debug|x64 = Debug|x64
		Debug+MT|Mixed Platforms = Debug+MT|Mixed Platforms
		Debug+MT|Win32 = Debug+MT|Win32
		Debug+MT|x64 = Debug+MT|x64
		Debug-MT|Mixed Platforms = Debug-MT|Mixed Platforms
		Debug-MT|Win32 = Debug-MT|Win32
		Debug-MT|x64 = Debug-MT|x64
		No debug|Mixed Platforms = No debug|Mixed Platforms
		No debug|Win32 = No debug|Win32
		No debug|x64 = No debug|x64
		Release with error catching|Mixed Platforms = Release with error catching|Mixed Platforms
		Release with error catching|Win32 = Release with error catching|Win32
		Release with error catching|x64 = Release with error catching|x64
		Release_WITHOUT_STREFLOP|Mixed Platforms = Release_WITHOUT_STREFLOP|Mixed Platforms
		Release_WITHOUT_STREFLOP|Win32 = Release_WITHOUT_STREFLOP|Win32
		Release_WITHOUT_STREFLOP|x64 = Release_WITHOUT_STREFLOP|x64
		Release|Mixed Platforms = Release|Mixed Platforms
		Release|Win32 = Release|Win32
		Release|x64 = Release|x64
		Release+MT with error catching|Mixed Platforms = Release+MT with error catching|Mixed Platforms
		Release+MT with error catching|Win32 = Release+MT with error catching|Win32
		Release+MT with error catching|x64 = Release+MT with error catching|x64
		Syncdebug|Mixed Platforms = Syncdebug|Mixed Platforms
		Syncdebug|Win32 = Syncdebug|Win32
		Syncdebug|x64 = Syncdebug|x64
	EndGlobalSection
	GlobalSection(ProjectConfigurationPlatforms) = postSolution
		{407355A4-D12A-4E3B-A7EB-A835E573B376}.Debug|Mixed Platforms.ActiveCfg = Debug|Win32
		{407355A4-D12A-4E3B-A7EB-A835E573B376}.Debug|Mixed Platforms.Build.0 = Debug|Win32
		{407355A4-D12A-4E3B-A7EB-A835E573B376}.Debug|Win32.ActiveCfg = Debug|Win32
		{407355A4-D12A-4E3B-A7EB-A835E573B376}.Debug|Win32.Build.0 = Debug|Win32
		{407355A4-D12A-4E3B-A7EB-A835E573B376}.Debug|x64.ActiveCfg = Debug|x64
		{407355A4-D12A-4E3B-A7EB-A835E573B376}.Debug|x64.Build.0 = Debug|x64
		{407355A4-D12A-4E3B-A7EB-A835E573B376}.Debug+MT|Mixed Platforms.ActiveCfg = Debug|Win32
		{407355A4-D12A-4E3B-A7EB-A835E573B376}.Debug+MT|Mixed Platforms.Build.0 = Debug|Win32
		{407355A4-D12A-4E3B-A7EB-A835E573B376}.Debug+MT|Win32.ActiveCfg = Debug|Win32
		{407355A4-D12A-4E3B-A7EB-A835E573B376}.Debug+MT|Win32.Build.0 = Debug|Win32
		{407355A4-D12A-4E3B-A7EB-A835E573B376}.Debug+MT|x64.ActiveCfg = Debug|x64
		{407355A4-D12A-4E3B-A7EB-A835E573B376}.Debug+MT|x64.Build.0 = Debug|x64
		{407355A4-D12A-4E3B-A7EB-A835E573B376}.Debug-MT|Mixed Platforms.ActiveCfg = Debug|Win32
		{407355A4-D12A-4E3B-A7EB-A835E573B376}.Debug-MT|Mixed Platforms.Build.0 = Debug|Win32
		{407355A4-D12A-4E3B-A7EB-A835E573B376}.Debug-MT|Win32.ActiveCfg = Debug|Win32
		{407355A4-D12A-4E3B-A7EB-A835E573B376}.Debug-MT|Win32.Build.0 = Debug|Win32
		{407355A4-D12A-4E3B-A7EB-A835E573B376}.Debug-MT|x64.ActiveCfg = Debug|x64
		{407355A4-D12A-4E3B-A7EB-A835E573B376}.Debug-MT|x64.Build.0 = Debug|x64
		{407355A4-D12A-4E3B-A7EB-A835E573B376}.No debug|Mixed Platforms.ActiveCfg = Release|Win32
		{407355A4-D12A-4E3B-A7EB-A835E573B376}.No debug|Mixed Platforms.Build.0 = Release|Win32
		{407355A4-D12A-4E3B-A7EB-A835E573B376}.No debug|Win32.ActiveCfg = Release|Win32
		{407355A4-D12A-4E3B-A7EB-A835E573B376}.No debug|Win32.Build.0 = Release|Win32
		{407355A4-D12A-4E3B-A7EB-A835E573B376}.No debug|x64.ActiveCfg = Release|x64
		{407355A4-D12A-4E3B-A7EB-A835E573B376}.No debug|x64.Build.0 = Release|x64
		{407355A4-D12A-4E3B-A7EB-A835E573B376}.Release with error catching|Mixed Platforms.ActiveCfg = Release|Win32
		{407355A4-D12A-4E3B-A7EB-A835E573B376}.Release with error catching|Mixed Platforms.Build.0 = Release|Win32
		{407355A4-D12A-4E3B-A7EB-A835E573B376}.Release with error catching|Win32.ActiveCfg = Release|Win32
		{407355A4-D12A-4E3B-A7EB-A835E573B376}.Release with error catching|Win32.Build.0 = Release|Win32
		{407355A4-D12A-4E3B-A7EB-A835E573B376}.Release with error catching|x64.ActiveCfg = Release|x64
		{407355A4-D12A-4E3B-A7EB-A835E573B376}.Release with error catching|x64.Build.0 = Release|x64
		{407355A4-D12A-4E3B-A7EB-A835E573B376}.Release_WITHOUT_STREFLOP|Mixed Platforms.ActiveCfg = Release_WITHOUT_STREFLOP|Win32
		{407355A4-D12A-4E3B-A7EB-A835E573B376}.Release_WITHOUT_STREFLOP|Mixed Platforms.Build.0 = Release_WITHOUT_STREFLOP|Win32
		{407355A4-D12A-4E3B-A7EB-A835E573B376}.Release_WITHOUT_STREFLOP|Win32.ActiveCfg = Release_WITHOUT_STREFLOP|Win32
		{407355A4-D12A-4E3B-A7EB-A835E573B376}.Release_WITHOUT_STREFLOP|Win32.Build.0 = Release_WITHOUT_STREFLOP|Win32
		{407355A4-D12A-4E3B-A7EB-A835E573B376}.Release_WITHOUT_STREFLOP|x64.ActiveCfg = Release_WITHOUT_STREFLOP|x64
		{407355A4-D12A-4E3B-A7EB-A835E573B376}.Release_WITHOUT_STREFLOP|x64.Build.0 = Release_WITHOUT_STREFLOP|x64
		{407355A4-D12A-4E3B-A7EB-A835E573B376}.Release|Mixed Platforms.ActiveCfg = Release|Win32
		{407355A4-D12A-4E3B-A7EB-A835E573B376}.Release|Mixed Platforms.Build.0 = Release|Win32
		{407355A4-D12A-4E3B-A7EB-A835E573B376}.Release|Win32.ActiveCfg = Release|Win32
		{407355A4-D12A-4E3B-A7EB-A835E573B376}.Release|Win32.Build.0 = Release|Win32
		{407355A4-D12A-4E3B-A7EB-A835E573B376}.Release|x64.ActiveCfg = Release|x64
		{407355A4-D12A-4E3B-A7EB-A835E573B376}.Release|x64.Build.0 = Release|x64
		{407355A4-D12A-4E3B-A7EB-A835E573B376}.Release+MT with error catching|Mixed Platforms.ActiveCfg = Release|Win32
		{407355A4-D12A-4E3B-A7EB-A835E573B376}.Release+MT with error catching|Mixed Platforms.Build.0 = Release|Win32
		{407355A4-D12A-4E3B-A7EB-A835E573B376}.Release+MT with error catching|Win32.ActiveCfg = Release|Win32
		{407355A4-D12A-4E3B-A7EB-A835E573B376}.Release+MT with error catching|Win32.Build.0 = Release|Win32
		{407355A4-D12A-4E3B-A7EB-A835E573B376}.Release+MT with error catching|x64.ActiveCfg = Release|x64
		{407355A4-D12A-4E3B-A7EB-A835E573B376}.Release+MT with error catching|x64.Build.0 = Release|x64
		{407355A4-D12A-4E3B-A7EB-A835E573B376}.Syncdebug|Mixed Platforms.ActiveCfg = Release|Win32
		{407355A4-D12A-4E3B-A7EB-A835E573B376}.Syncdebug|Mixed Platforms.Build.0 = Release|Win32
		{407355A4-D12A-4E3B-A7EB-A835E573B376}.Syncdebug|Win32.ActiveCfg = Release|Win32
		{407355A4-D12A-4E3B-A7EB-A835E573B376}.Syncdebug|Win32.Build.0 = Release|Win32
		{407355A4-D12A-4E3B-A7EB-A835E573B376}.Syncdebug|x64.ActiveCfg = Release|x64
		{407355A4-D12A-4E3B-A7EB-A835E573B376}.Syncdebug|x64.Build.0 = Release|x64
		{3BAC3FE8-1CC4-487D-802A-E0A04B39BB6A}.Debug|Mixed Platforms.ActiveCfg = Debug|Win32
		{3BAC3FE8-1CC4-487D-802A-E0A04B39BB6A}.Debug|Mixed Platforms.Build.0 = Debug|Win32
		{3BAC3FE8-1CC4-487D-802A-E0A04B39BB6A}.Debug|Win32.ActiveCfg = Debug|Win32
		{3BAC3FE8-1CC4-487D-802A-E0A04B39BB6A}.Debug|Win32.Build.0 = Debug|Win32
		{3BAC3FE8-1CC4-487D-802A-E0A04B39BB6A}.Debug|x64.ActiveCfg = Debug|x64
		{3BAC3FE8-1CC4-487D-802A-E0A04B39BB6A}.Debug|x64.Build.0 = Debug|x64
		{3BAC3FE8-1CC4-487D-802A-E0A04B39BB6A}.Debug+MT|Mixed Platforms.ActiveCfg = Debug|Win32
		{3BAC3FE8-1CC4-487D-802A-E0A04B39BB6A}.Debug+MT|Mixed Platforms.Build.0 = Debug|Win32
		{3BAC3FE8-1CC4-487D-802A-E0A04B39BB6A}.Debug+MT|Win32.ActiveCfg = Debug|Win32
		{3BAC3FE8-1CC4-487D-802A-E0A04B39BB6A}.Debug+MT|Win32.Build.0 = Debug|Win32
		{3BAC3FE8-1CC4-487D-802A-E0A04B39BB6A}.Debug+MT|x64.ActiveCfg = Debug|x64
		{3BAC3FE8-1CC4-487D-802A-E0A04B39BB6A}.Debug+MT|x64.Build.0 = Debug|x64
		{3BAC3FE8-1CC4-487D-802A-E0A04B39BB6A}.Debug-MT|Mixed Platforms.ActiveCfg = Debug|Win32
		{3BAC3FE8-1CC4-487D-802A-E0A04B39BB6A}.Debug-MT|Mixed Platforms.Build.0 = Debug|Win32
		{3BAC3FE8-1CC4-487D-802A-E0A04B39BB6A}.Debug-MT|Win32.ActiveCfg = Debug|Win32
		{3BAC3FE8-1CC4-487D-802A-E0A04B39BB6A}.Debug-MT|Win32.Build.0 = Debug|Win32
		{3BAC3FE8-1CC4-487D-802A-E0A04B39BB6A}.Debug-MT|x64.ActiveCfg = Debug|x64
		{3BAC3FE8-1CC4-487D-802A-E0A04B39BB6A}.Debug-MT|x64.Build.0 = Debug|x64
		{3BAC3FE8-1CC4-487D-802A-E0A04B39BB6A}.No debug|Mixed Platforms.ActiveCfg = Release|Win32
		{3BAC3FE8-1CC4-487D-802A-E0A04B39BB6A}.No debug|Mixed Platforms.Build.0 = Release|Win32
		{3BAC3FE8-1CC4-487D-802A-E0A04B39BB6A}.No debug|Win32.ActiveCfg = Release|Win32
		{3BAC3FE8-1CC4-487D-802A-E0A04B39BB6A}.No debug|Win32.Build.0 = Release|Win32
		{3BAC3FE8-1CC4-487D-802A-E0A04B39BB6A}.No debug|x64.ActiveCfg = Release|x64
		{3BAC3FE8-1CC4-487D-802A-E0A04B39BB6A}.No debug|x64.Build.0 = Release|x64
		{3BAC3FE8-1CC4-487D-802A-E0A04B39BB6A}.Release with error catching|Mixed Platforms.ActiveCfg = Release|Win32
		{3BAC3FE8-1CC4-487D-802A-E0A04B39BB6A}.Release with error catching|Mixed Platforms.Build.0 = Release|Win32
		{3BAC3FE8-1CC4-487D-802A-E0A04B39BB6A}.Release with error catching|Win32.ActiveCfg = Release|Win32
		{3BAC3FE8-1CC4-487D-802A-E0A04B39BB6A}.Release with error catching|Win32.Build.0 = Release|Win32
		{3BAC3FE8-1CC4-487D-802A-E0A04B39BB6A}.Release with error catching|x64.ActiveCfg = Release|x64
		{3BAC3FE8-1CC4-487D-802A-E0A04B39BB6A}.Release with error catching|x64.Build.0 = Release|x64
		{3BAC3FE8-1CC4-487D-802A-E0A04B39BB6A}.Release_WITHOUT_STREFLOP|Mixed Platforms.ActiveCfg = Release_WITHOUT_STREFLOP|Win32
		{3BAC3FE8-1CC4-487D-802A-E0A04B39BB6A}.Release_WITHOUT_STREFLOP|Mixed Platforms.Build.0 = Release_WITHOUT_STREFLOP|Win32
		{3BAC3FE8-1CC4-487D-802A-E0A04B39BB6A}.Release_WITHOUT_STREFLOP|Win32.ActiveCfg = Release_WITHOUT_STREFLOP|Win32
		{3BAC3FE8-1CC4-487D-802A-E0A04B39BB6A}.Release_WITHOUT_STREFLOP|Win32.Build.0 = Release_WITHOUT_STREFLOP|Win32
		{3BAC3FE8-1CC4-487D-802A-E0A04B39BB6A}.Release_WITHOUT_STREFLOP|x64.ActiveCfg = Release_WITHOUT_STREFLOP|x64
		{3BAC3FE8-1CC4-487D-802A-E0A04B39BB6A}.Release_WITHOUT_STREFLOP|x64.Build.0 = Release_WITHOUT_STREFLOP|x64
		{3BAC3FE8-1CC4-487D-802A-E0A04B39BB6A}.Release|Mixed Platforms.ActiveCfg = Release|Win32
		{3BAC3FE8-1CC4-487D-802A-E0A04B39BB6A}.Release|Mixed Platforms.Build.0 = Release|Win32
		{3BAC3FE8-1CC4-487D-802A-E0A04B39BB6A}.Release|Win32.ActiveCfg = Release|Win32
		{3BAC3FE8-1CC4-487D-802A-E0A04B39BB6A}.Release|Win32.Build.0 = Release|Win32
		{3BAC3FE8-1CC4-487D-802A-E0A04B39BB6A}.Release|x64.ActiveCfg = Release|x64
		{3BAC3FE8-1CC4-487D-802A-E0A04B39BB6A}.Release|x64.Build.0 = Release|x64
		{3BAC3FE8-1CC4-487D-802A-E0A04B39BB6A}.Release+MT with error catching|Mixed Platforms.ActiveCfg = Release|Win32
		{3BAC3FE8-1CC4-487D-802A-E0A04B39BB6A}.Release+MT with error catching|Mixed Platforms.Build.0 = Release|Win32
		{3BAC3FE8-1CC4-487D-802A-E0A04B39BB6A}.Release+MT with error catching|Win32.ActiveCfg = Release|Win32
		{3BAC3FE8-1CC4-487D-802A-E0A04B39BB6A}.Release+MT with error catching|Win32.Build.0 = Release|Win32
		{3BAC3FE8-1CC4-487D-802A-E0A04B39BB6A}.Release+MT with error catching|x64.ActiveCfg = Release|x64
		{3BAC3FE8-1CC4-487D-802A-E0A04B39BB6A}.Release+MT with error catching|x64.Build.0 = Release|x64
		{3BAC3FE8-1CC4-487D-802A-E0A04B39BB6A}.Syncdebug|Mixed Platforms.ActiveCfg = Release|Win32
		{3BAC3FE8-1CC4-487D-802A-E0A04B39BB6A}.Syncdebug|Mixed Platforms.Build.0 = Release|Win32
		{3BAC3FE8-1CC4-487D-802A-E0A04B39BB6A}.Syncdebug|Win32.ActiveCfg = Release|Win32
		{3BAC3FE8-1CC4-487D-802A-E0A04B39BB6A}.Syncdebug|Win32.Build.0 = Release|Win32
		{3BAC3FE8-1CC4-487D-802A-E0A04B39BB6A}.Syncdebug|x64.ActiveCfg = Release|x64
		{3BAC3FE8-1CC4-487D-802A-E0A04B39BB6A}.Syncdebug|x64.Build.0 = Release|x64
		{8DAA0C24-95CD-4F66-B4C5-19ABDD771746}.Debug|Mixed Platforms.ActiveCfg = Debug|Win32
		{8DAA0C24-95CD-4F66-B4C5-19ABDD771746}.Debug|Mixed Platforms.Build.0 = Debug|Win32
		{8DAA0C24-95CD-4F66-B4C5-19ABDD771746}.Debug|Win32.ActiveCfg = Debug|Win32
		{8DAA0C24-95CD-4F66-B4C5-19ABDD771746}.Debug|Win32.Build.0 = Debug|Win32
		{8DAA0C24-95CD-4F66-B4C5-19ABDD771746}.Debug|x64.ActiveCfg = Debug|x64
		{8DAA0C24-95CD-4F66-B4C5-19ABDD771746}.Debug|x64.Build.0 = Debug|x64
		{8DAA0C24-95CD-4F66-B4C5-19ABDD771746}.Debug+MT|Mixed Platforms.ActiveCfg = Debug|Win32
		{8DAA0C24-95CD-4F66-B4C5-19ABDD771746}.Debug+MT|Mixed Platforms.Build.0 = Debug|Win32
		{8DAA0C24-95CD-4F66-B4C5-19ABDD771746}.Debug+MT|Win32.ActiveCfg = Debug|Win32
		{8DAA0C24-95CD-4F66-B4C5-19ABDD771746}.Debug+MT|Win32.Build.0 = Debug|Win32
		{8DAA0C24-95CD-4F66-B4C5-19ABDD771746}.Debug+MT|x64.ActiveCfg = Debug|x64
		{8DAA0C24-95CD-4F66-B4C5-19ABDD771746}.Debug+MT|x64.Build.0 = Debug|x64
		{8DAA0C24-95CD-4F66-B4C5-19ABDD771746}.Debug-MT|Mixed Platforms.ActiveCfg = Debug|Win32
		{8DAA0C24-95CD-4F66-B4C5-19ABDD771746}.Debug-MT|Mixed Platforms.Build.0 = Debug|Win32
		{8DAA0C24-95CD-4F66-B4C5-19ABDD771746}.Debug-MT|Win32.ActiveCfg = Debug|Win32
		{8DAA0C24-95CD-4F66-B4C5-19ABDD771746}.Debug-MT|Win32.Build.0 = Debug|Win32
		{8DAA0C24-95CD-4F66-B4C5-19ABDD771746}.Debug-MT|x64.ActiveCfg = Debug|x64
		{8DAA0C24-95CD-4F66-B4C5-19ABDD771746}.Debug-MT|x64.Build.0 = Debug|x64
		{8DAA0C24-95CD-4F66-B4C5-19ABDD771746}.No debug|Mixed Platforms.ActiveCfg = Release_NO_STREFLOP|Win32
		{8DAA0C24-95CD-4F66-B4C5-19ABDD771746}.No debug|Mixed Platforms.Build.0 = Release_NO_STREFLOP|Win32
		{8DAA0C24-95CD-4F66-B4C5-19ABDD771746}.No debug|Win32.ActiveCfg = Release|Win32
		{8DAA0C24-95CD-4F66-B4C5-19ABDD771746}.No debug|Win32.Build.0 = Release|Win32
		{8DAA0C24-95CD-4F66-B4C5-19ABDD771746}.No debug|x64.ActiveCfg = Release_NO_STREFLOP|x64
		{8DAA0C24-95CD-4F66-B4C5-19ABDD771746}.No debug|x64.Build.0 = Release_NO_STREFLOP|x64
		{8DAA0C24-95CD-4F66-B4C5-19ABDD771746}.Release with error catching|Mixed Platforms.ActiveCfg = Release_NO_STREFLOP|Win32
		{8DAA0C24-95CD-4F66-B4C5-19ABDD771746}.Release with error catching|Mixed Platforms.Build.0 = Release_NO_STREFLOP|Win32
		{8DAA0C24-95CD-4F66-B4C5-19ABDD771746}.Release with error catching|Win32.ActiveCfg = Release|Win32
		{8DAA0C24-95CD-4F66-B4C5-19ABDD771746}.Release with error catching|Win32.Build.0 = Release|Win32
		{8DAA0C24-95CD-4F66-B4C5-19ABDD771746}.Release with error catching|x64.ActiveCfg = Release_NO_STREFLOP|x64
		{8DAA0C24-95CD-4F66-B4C5-19ABDD771746}.Release with error catching|x64.Build.0 = Release_NO_STREFLOP|x64
		{8DAA0C24-95CD-4F66-B4C5-19ABDD771746}.Release_WITHOUT_STREFLOP|Mixed Platforms.ActiveCfg = Release_WITHOUT_STREFLOP|x64
		{8DAA0C24-95CD-4F66-B4C5-19ABDD771746}.Release_WITHOUT_STREFLOP|Mixed Platforms.Build.0 = Release_WITHOUT_STREFLOP|x64
		{8DAA0C24-95CD-4F66-B4C5-19ABDD771746}.Release_WITHOUT_STREFLOP|Win32.ActiveCfg = Release_WITHOUT_STREFLOP|Win32
		{8DAA0C24-95CD-4F66-B4C5-19ABDD771746}.Release_WITHOUT_STREFLOP|Win32.Build.0 = Release_WITHOUT_STREFLOP|Win32
		{8DAA0C24-95CD-4F66-B4C5-19ABDD771746}.Release_WITHOUT_STREFLOP|x64.ActiveCfg = Release_WITHOUT_STREFLOP|x64
		{8DAA0C24-95CD-4F66-B4C5-19ABDD771746}.Release_WITHOUT_STREFLOP|x64.Build.0 = Release_WITHOUT_STREFLOP|x64
		{8DAA0C24-95CD-4F66-B4C5-19ABDD771746}.Release|Mixed Platforms.ActiveCfg = Release|Win32
		{8DAA0C24-95CD-4F66-B4C5-19ABDD771746}.Release|Mixed Platforms.Build.0 = Release|Win32
		{8DAA0C24-95CD-4F66-B4C5-19ABDD771746}.Release|Win32.ActiveCfg = Release|Win32
		{8DAA0C24-95CD-4F66-B4C5-19ABDD771746}.Release|Win32.Build.0 = Release|Win32
		{8DAA0C24-95CD-4F66-B4C5-19ABDD771746}.Release|x64.ActiveCfg = Release|x64
		{8DAA0C24-95CD-4F66-B4C5-19ABDD771746}.Release|x64.Build.0 = Release|x64
		{8DAA0C24-95CD-4F66-B4C5-19ABDD771746}.Release+MT with error catching|Mixed Platforms.ActiveCfg = Release_NO_STREFLOP|Win32
		{8DAA0C24-95CD-4F66-B4C5-19ABDD771746}.Release+MT with error catching|Mixed Platforms.Build.0 = Release_NO_STREFLOP|Win32
		{8DAA0C24-95CD-4F66-B4C5-19ABDD771746}.Release+MT with error catching|Win32.ActiveCfg = Release|Win32
		{8DAA0C24-95CD-4F66-B4C5-19ABDD771746}.Release+MT with error catching|Win32.Build.0 = Release|Win32
		{8DAA0C24-95CD-4F66-B4C5-19ABDD771746}.Release+MT with error catching|x64.ActiveCfg = Release_NO_STREFLOP|x64
		{8DAA0C24-95CD-4F66-B4C5-19ABDD771746}.Release+MT with error catching|x64.Build.0 = Release_NO_STREFLOP|x64
		{8DAA0C24-95CD-4F66-B4C5-19ABDD771746}.Syncdebug|Mixed Platforms.ActiveCfg = Release_NO_STREFLOP|Win32
		{8DAA0C24-95CD-4F66-B4C5-19ABDD771746}.Syncdebug|Mixed Platforms.Build.0 = Release_NO_STREFLOP|Win32
		{8DAA0C24-95CD-4F66-B4C5-19ABDD771746}.Syncdebug|Win32.ActiveCfg = Release|Win32
		{8DAA0C24-95CD-4F66-B4C5-19ABDD771746}.Syncdebug|Win32.Build.0 = Release|Win32
		{8DAA0C24-95CD-4F66-B4C5-19ABDD771746}.Syncdebug|x64.ActiveCfg = Release_NO_STREFLOP|x64
		{8DAA0C24-95CD-4F66-B4C5-19ABDD771746}.Syncdebug|x64.Build.0 = Release_NO_STREFLOP|x64
		{6B0C65F1-D031-46AF-AC0D-7C38892D2952}.Debug|Mixed Platforms.ActiveCfg = Debug|Win32
		{6B0C65F1-D031-46AF-AC0D-7C38892D2952}.Debug|Mixed Platforms.Build.0 = Debug|Win32
		{6B0C65F1-D031-46AF-AC0D-7C38892D2952}.Debug|Win32.ActiveCfg = Debug|Win32
		{6B0C65F1-D031-46AF-AC0D-7C38892D2952}.Debug|Win32.Build.0 = Debug|Win32
		{6B0C65F1-D031-46AF-AC0D-7C38892D2952}.Debug|x64.ActiveCfg = Debug|x64
		{6B0C65F1-D031-46AF-AC0D-7C38892D2952}.Debug|x64.Build.0 = Debug|x64
		{6B0C65F1-D031-46AF-AC0D-7C38892D2952}.Debug+MT|Mixed Platforms.ActiveCfg = Debug|Win32
		{6B0C65F1-D031-46AF-AC0D-7C38892D2952}.Debug+MT|Mixed Platforms.Build.0 = Debug|Win32
		{6B0C65F1-D031-46AF-AC0D-7C38892D2952}.Debug+MT|Win32.ActiveCfg = Debug|Win32
		{6B0C65F1-D031-46AF-AC0D-7C38892D2952}.Debug+MT|Win32.Build.0 = Debug|Win32
		{6B0C65F1-D031-46AF-AC0D-7C38892D2952}.Debug+MT|x64.ActiveCfg = Debug|x64
		{6B0C65F1-D031-46AF-AC0D-7C38892D2952}.Debug+MT|x64.Build.0 = Debug|x64
		{6B0C65F1-D031-46AF-AC0D-7C38892D2952}.Debug-MT|Mixed Platforms.ActiveCfg = Debug|Win32
		{6B0C65F1-D031-46AF-AC0D-7C38892D2952}.Debug-MT|Mixed Platforms.Build.0 = Debug|Win32
		{6B0C65F1-D031-46AF-AC0D-7C38892D2952}.Debug-MT|Win32.ActiveCfg = Debug|Win32
		{6B0C65F1-D031-46AF-AC0D-7C38892D2952}.Debug-MT|Win32.Build.0 = Debug|Win32
		{6B0C65F1-D031-46AF-AC0D-7C38892D2952}.Debug-MT|x64.ActiveCfg = Debug|x64
		{6B0C65F1-D031-46AF-AC0D-7C38892D2952}.Debug-MT|x64.Build.0 = Debug|x64
		{6B0C65F1-D031-46AF-AC0D-7C38892D2952}.No debug|Mixed Platforms.ActiveCfg = Release_NO_STREFLOP|Win32
		{6B0C65F1-D031-46AF-AC0D-7C38892D2952}.No debug|Mixed Platforms.Build.0 = Release_NO_STREFLOP|Win32
		{6B0C65F1-D031-46AF-AC0D-7C38892D2952}.No debug|Win32.ActiveCfg = Release|Win32
		{6B0C65F1-D031-46AF-AC0D-7C38892D2952}.No debug|Win32.Build.0 = Release|Win32
		{6B0C65F1-D031-46AF-AC0D-7C38892D2952}.No debug|x64.ActiveCfg = Release_NO_STREFLOP|x64
		{6B0C65F1-D031-46AF-AC0D-7C38892D2952}.No debug|x64.Build.0 = Release_NO_STREFLOP|x64
		{6B0C65F1-D031-46AF-AC0D-7C38892D2952}.Release with error catching|Mixed Platforms.ActiveCfg = Release_NO_STREFLOP|Win32
		{6B0C65F1-D031-46AF-AC0D-7C38892D2952}.Release with error catching|Mixed Platforms.Build.0 = Release_NO_STREFLOP|Win32
		{6B0C65F1-D031-46AF-AC0D-7C38892D2952}.Release with error catching|Win32.ActiveCfg = Release|Win32
		{6B0C65F1-D031-46AF-AC0D-7C38892D2952}.Release with error catching|Win32.Build.0 = Release|Win32
		{6B0C65F1-D031-46AF-AC0D-7C38892D2952}.Release with error catching|x64.ActiveCfg = Release_NO_STREFLOP|x64
		{6B0C65F1-D031-46AF-AC0D-7C38892D2952}.Release with error catching|x64.Build.0 = Release_NO_STREFLOP|x64
		{6B0C65F1-D031-46AF-AC0D-7C38892D2952}.Release_WITHOUT_STREFLOP|Mixed Platforms.ActiveCfg = Release_WITHOUT_STREFLOP|Win32
		{6B0C65F1-D031-46AF-AC0D-7C38892D2952}.Release_WITHOUT_STREFLOP|Mixed Platforms.Build.0 = Release_WITHOUT_STREFLOP|Win32
		{6B0C65F1-D031-46AF-AC0D-7C38892D2952}.Release_WITHOUT_STREFLOP|Win32.ActiveCfg = Release_WITHOUT_STREFLOP|Win32
		{6B0C65F1-D031-46AF-AC0D-7C38892D2952}.Release_WITHOUT_STREFLOP|Win32.Build.0 = Release_WITHOUT_STREFLOP|Win32
		{6B0C65F1-D031-46AF-AC0D-7C38892D2952}.Release_WITHOUT_STREFLOP|x64.ActiveCfg = Release_WITHOUT_STREFLOP|x64
		{6B0C65F1-D031-46AF-AC0D-7C38892D2952}.Release_WITHOUT_STREFLOP|x64.Build.0 = Release_WITHOUT_STREFLOP|x64
		{6B0C65F1-D031-46AF-AC0D-7C38892D2952}.Release|Mixed Platforms.ActiveCfg = Release|Win32
		{6B0C65F1-D031-46AF-AC0D-7C38892D2952}.Release|Mixed Platforms.Build.0 = Release|Win32
		{6B0C65F1-D031-46AF-AC0D-7C38892D2952}.Release|Win32.ActiveCfg = Release|Win32
		{6B0C65F1-D031-46AF-AC0D-7C38892D2952}.Release|Win32.Build.0 = Release|Win32
		{6B0C65F1-D031-46AF-AC0D-7C38892D2952}.Release|x64.ActiveCfg = Release|x64
		{6B0C65F1-D031-46AF-AC0D-7C38892D2952}.Release|x64.Build.0 = Release|x64
		{6B0C65F1-D031-46AF-AC0D-7C38892D2952}.Release+MT with error catching|Mixed Platforms.ActiveCfg = Release_NO_STREFLOP|Win32
		{6B0C65F1-D031-46AF-AC0D-7C38892D2952}.Release+MT with error catching|Mixed Platforms.Build.0 = Release_NO_STREFLOP|Win32
		{6B0C65F1-D031-46AF-AC0D-7C38892D2952}.Release+MT with error catching|Win32.ActiveCfg = Release|Win32
		{6B0C65F1-D031-46AF-AC0D-7C38892D2952}.Release+MT with error catching|Win32.Build.0 = Release|Win32
		{6B0C65F1-D031-46AF-AC0D-7C38892D2952}.Release+MT with error catching|x64.ActiveCfg = Release_NO_STREFLOP|x64
		{6B0C65F1-D031-46AF-AC0D-7C38892D2952}.Release+MT with error catching|x64.Build.0 = Release_NO_STREFLOP|x64
		{6B0C65F1-D031-46AF-AC0D-7C38892D2952}.Syncdebug|Mixed Platforms.ActiveCfg = Release_NO_STREFLOP|Win32
		{6B0C65F1-D031-46AF-AC0D-7C38892D2952}.Syncdebug|Mixed Platforms.Build.0 = Release_NO_STREFLOP|Win32
		{6B0C65F1-D031-46AF-AC0D-7C38892D2952}.Syncdebug|Win32.ActiveCfg = Release|Win32
		{6B0C65F1-D031-46AF-AC0D-7C38892D2952}.Syncdebug|Win32.Build.0 = Release|Win32
		{6B0C65F1-D031-46AF-AC0D-7C38892D2952}.Syncdebug|x64.ActiveCfg = Release_NO_STREFLOP|x64
		{6B0C65F1-D031-46AF-AC0D-7C38892D2952}.Syncdebug|x64.Build.0 = Release_NO_STREFLOP|x64
		{5D09BE33-81EC-450B-8A7B-2E7B941ADC56}.Debug|Mixed Platforms.ActiveCfg = Debug|Win32
		{5D09BE33-81EC-450B-8A7B-2E7B941ADC56}.Debug|Mixed Platforms.Build.0 = Debug|Win32
		{5D09BE33-81EC-450B-8A7B-2E7B941ADC56}.Debug|Win32.ActiveCfg = Debug|Win32
		{5D09BE33-81EC-450B-8A7B-2E7B941ADC56}.Debug|Win32.Build.0 = Debug|Win32
		{5D09BE33-81EC-450B-8A7B-2E7B941ADC56}.Debug|x64.ActiveCfg = Debug|x64
		{5D09BE33-81EC-450B-8A7B-2E7B941ADC56}.Debug|x64.Build.0 = Debug|x64
		{5D09BE33-81EC-450B-8A7B-2E7B941ADC56}.Debug+MT|Mixed Platforms.ActiveCfg = Debug|Win32
		{5D09BE33-81EC-450B-8A7B-2E7B941ADC56}.Debug+MT|Mixed Platforms.Build.0 = Debug|Win32
		{5D09BE33-81EC-450B-8A7B-2E7B941ADC56}.Debug+MT|Win32.ActiveCfg = Debug|Win32
		{5D09BE33-81EC-450B-8A7B-2E7B941ADC56}.Debug+MT|Win32.Build.0 = Debug|Win32
		{5D09BE33-81EC-450B-8A7B-2E7B941ADC56}.Debug+MT|x64.ActiveCfg = Debug|x64
		{5D09BE33-81EC-450B-8A7B-2E7B941ADC56}.Debug+MT|x64.Build.0 = Debug|x64
		{5D09BE33-81EC-450B-8A7B-2E7B941ADC56}.Debug-MT|Mixed Platforms.ActiveCfg = Debug|Win32
		{5D09BE33-81EC-450B-8A7B-2E7B941ADC56}.Debug-MT|Mixed Platforms.Build.0 = Debug|Win32
		{5D09BE33-81EC-450B-8A7B-2E7B941ADC56}.Debug-MT|Win32.ActiveCfg = Debug|Win32
		{5D09BE33-81EC-450B-8A7B-2E7B941ADC56}.Debug-MT|Win32.Build.0 = Debug|Win32
		{5D09BE33-81EC-450B-8A7B-2E7B941ADC56}.Debug-MT|x64.ActiveCfg = Debug|x64
		{5D09BE33-81EC-450B-8A7B-2E7B941ADC56}.Debug-MT|x64.Build.0 = Debug|x64
		{5D09BE33-81EC-450B-8A7B-2E7B941ADC56}.No debug|Mixed Platforms.ActiveCfg = Release_NO_STREFLOP|Win32
		{5D09BE33-81EC-450B-8A7B-2E7B941ADC56}.No debug|Mixed Platforms.Build.0 = Release_NO_STREFLOP|Win32
		{5D09BE33-81EC-450B-8A7B-2E7B941ADC56}.No debug|Win32.ActiveCfg = Release|Win32
		{5D09BE33-81EC-450B-8A7B-2E7B941ADC56}.No debug|Win32.Build.0 = Release|Win32
		{5D09BE33-81EC-450B-8A7B-2E7B941ADC56}.No debug|x64.ActiveCfg = Release_NO_STREFLOP|x64
		{5D09BE33-81EC-450B-8A7B-2E7B941ADC56}.No debug|x64.Build.0 = Release_NO_STREFLOP|x64
		{5D09BE33-81EC-450B-8A7B-2E7B941ADC56}.Release with error catching|Mixed Platforms.ActiveCfg = Release_NO_STREFLOP|Win32
		{5D09BE33-81EC-450B-8A7B-2E7B941ADC56}.Release with error catching|Mixed Platforms.Build.0 = Release_NO_STREFLOP|Win32
		{5D09BE33-81EC-450B-8A7B-2E7B941ADC56}.Release with error catching|Win32.ActiveCfg = Release|Win32
		{5D09BE33-81EC-450B-8A7B-2E7B941ADC56}.Release with error catching|Win32.Build.0 = Release|Win32
		{5D09BE33-81EC-450B-8A7B-2E7B941ADC56}.Release with error catching|x64.ActiveCfg = Release_NO_STREFLOP|x64
		{5D09BE33-81EC-450B-8A7B-2E7B941ADC56}.Release with error catching|x64.Build.0 = Release_NO_STREFLOP|x64
		{5D09BE33-81EC-450B-8A7B-2E7B941ADC56}.Release_WITHOUT_STREFLOP|Mixed Platforms.ActiveCfg = Release_WITHOUT_STREFLOP|Win32
		{5D09BE33-81EC-450B-8A7B-2E7B941ADC56}.Release_WITHOUT_STREFLOP|Mixed Platforms.Build.0 = Release_WITHOUT_STREFLOP|Win32
		{5D09BE33-81EC-450B-8A7B-2E7B941ADC56}.Release_WITHOUT_STREFLOP|Win32.ActiveCfg = Release_WITHOUT_STREFLOP|Win32
		{5D09BE33-81EC-450B-8A7B-2E7B941ADC56}.Release_WITHOUT_STREFLOP|Win32.Build.0 = Release_WITHOUT_STREFLOP|Win32
		{5D09BE33-81EC-450B-8A7B-2E7B941ADC56}.Release_WITHOUT_STREFLOP|x64.ActiveCfg = Release_WITHOUT_STREFLOP|x64
		{5D09BE33-81EC-450B-8A7B-2E7B941ADC56}.Release_WITHOUT_STREFLOP|x64.Build.0 = Release_WITHOUT_STREFLOP|x64
		{5D09BE33-81EC-450B-8A7B-2E7B941ADC56}.Release|Mixed Platforms.ActiveCfg = Release|Win32
		{5D09BE33-81EC-450B-8A7B-2E7B941ADC56}.Release|Mixed Platforms.Build.0 = Release|Win32
		{5D09BE33-81EC-450B-8A7B-2E7B941ADC56}.Release|Win32.ActiveCfg = Release|Win32
		{5D09BE33-81EC-450B-8A7B-2E7B941ADC56}.Release|Win32.Build.0 = Release|Win32
		{5D09BE33-81EC-450B-8A7B-2E7B941ADC56}.Release|x64.ActiveCfg = Release|x64
		{5D09BE33-81EC-450B-8A7B-2E7B941ADC56}.Release|x64.Build.0 = Release|x64
		{5D09BE33-81EC-450B-8A7B-2E7B941ADC56}.Release+MT with error catching|Mixed Platforms.ActiveCfg = Release_NO_STREFLOP|Win32
		{5D09BE33-81EC-450B-8A7B-2E7B941ADC56}.Release+MT with error catching|Mixed Platforms.Build.0 = Release_NO_STREFLOP|Win32
		{5D09BE33-81EC-450B-8A7B-2E7B941ADC56}.Release+MT with error catching|Win32.ActiveCfg = Release|Win32
		{5D09BE33-81EC-450B-8A7B-2E7B941ADC56}.Release+MT with error catching|Win32.Build.0 = Release|Win32
		{5D09BE33-81EC-450B-8A7B-2E7B941ADC56}.Release+MT with error catching|x64.ActiveCfg = Release_NO_STREFLOP|x64
		{5D09BE33-81EC-450B-8A7B-2E7B941ADC56}.Release+MT with error catching|x64.Build.0 = Release_NO_STREFLOP|x64
		{5D09BE33-81EC-450B-8A7B-2E7B941ADC56}.Syncdebug|Mixed Platforms.ActiveCfg = Release_NO_STREFLOP|Win32
		{5D09BE33-81EC-450B-8A7B-2E7B941ADC56}.Syncdebug|Mixed Platforms.Build.0 = Release_NO_STREFLOP|Win32
		{5D09BE33-81EC-450B-8A7B-2E7B941ADC56}.Syncdebug|Win32.ActiveCfg = Release|Win32
		{5D09BE33-81EC-450B-8A7B-2E7B941ADC56}.Syncdebug|Win32.Build.0 = Release|Win32
		{5D09BE33-81EC-450B-8A7B-2E7B941ADC56}.Syncdebug|x64.ActiveCfg = Release_NO_STREFLOP|x64
		{5D09BE33-81EC-450B-8A7B-2E7B941ADC56}.Syncdebug|x64.Build.0 = Release_NO_STREFLOP|x64
		{FE5C7C7C-F109-44F5-8329-25A4E24F162C}.Debug|Mixed Platforms.ActiveCfg = Debug|Win32
		{FE5C7C7C-F109-44F5-8329-25A4E24F162C}.Debug|Mixed Platforms.Build.0 = Debug|Win32
		{FE5C7C7C-F109-44F5-8329-25A4E24F162C}.Debug|Win32.ActiveCfg = Debug|Win32
		{FE5C7C7C-F109-44F5-8329-25A4E24F162C}.Debug|Win32.Build.0 = Debug|Win32
		{FE5C7C7C-F109-44F5-8329-25A4E24F162C}.Debug|x64.ActiveCfg = Debug|x64
		{FE5C7C7C-F109-44F5-8329-25A4E24F162C}.Debug|x64.Build.0 = Debug|x64
		{FE5C7C7C-F109-44F5-8329-25A4E24F162C}.Debug+MT|Mixed Platforms.ActiveCfg = Debug|Win32
		{FE5C7C7C-F109-44F5-8329-25A4E24F162C}.Debug+MT|Mixed Platforms.Build.0 = Debug|Win32
		{FE5C7C7C-F109-44F5-8329-25A4E24F162C}.Debug+MT|Win32.ActiveCfg = Debug|Win32
		{FE5C7C7C-F109-44F5-8329-25A4E24F162C}.Debug+MT|Win32.Build.0 = Debug|Win32
		{FE5C7C7C-F109-44F5-8329-25A4E24F162C}.Debug+MT|x64.ActiveCfg = Debug|x64
		{FE5C7C7C-F109-44F5-8329-25A4E24F162C}.Debug+MT|x64.Build.0 = Debug|x64
		{FE5C7C7C-F109-44F5-8329-25A4E24F162C}.Debug-MT|Mixed Platforms.ActiveCfg = Debug|Win32
		{FE5C7C7C-F109-44F5-8329-25A4E24F162C}.Debug-MT|Mixed Platforms.Build.0 = Debug|Win32
		{FE5C7C7C-F109-44F5-8329-25A4E24F162C}.Debug-MT|Win32.ActiveCfg = Debug|Win32
		{FE5C7C7C-F109-44F5-8329-25A4E24F162C}.Debug-MT|Win32.Build.0 = Debug|Win32
		{FE5C7C7C-F109-44F5-8329-25A4E24F162C}.Debug-MT|x64.ActiveCfg = Debug|x64
		{FE5C7C7C-F109-44F5-8329-25A4E24F162C}.Debug-MT|x64.Build.0 = Debug|x64
		{FE5C7C7C-F109-44F5-8329-25A4E24F162C}.No debug|Mixed Platforms.ActiveCfg = Release_NO_STREFLOP|Win32
		{FE5C7C7C-F109-44F5-8329-25A4E24F162C}.No debug|Mixed Platforms.Build.0 = Release_NO_STREFLOP|Win32
		{FE5C7C7C-F109-44F5-8329-25A4E24F162C}.No debug|Win32.ActiveCfg = Release|Win32
		{FE5C7C7C-F109-44F5-8329-25A4E24F162C}.No debug|Win32.Build.0 = Release|Win32
		{FE5C7C7C-F109-44F5-8329-25A4E24F162C}.No debug|x64.ActiveCfg = Release_NO_STREFLOP|x64
		{FE5C7C7C-F109-44F5-8329-25A4E24F162C}.No debug|x64.Build.0 = Release_NO_STREFLOP|x64
		{FE5C7C7C-F109-44F5-8329-25A4E24F162C}.Release with error catching|Mixed Platforms.ActiveCfg = Release_NO_STREFLOP|Win32
		{FE5C7C7C-F109-44F5-8329-25A4E24F162C}.Release with error catching|Mixed Platforms.Build.0 = Release_NO_STREFLOP|Win32
		{FE5C7C7C-F109-44F5-8329-25A4E24F162C}.Release with error catching|Win32.ActiveCfg = Release|Win32
		{FE5C7C7C-F109-44F5-8329-25A4E24F162C}.Release with error catching|Win32.Build.0 = Release|Win32
		{FE5C7C7C-F109-44F5-8329-25A4E24F162C}.Release with error catching|x64.ActiveCfg = Release_NO_STREFLOP|x64
		{FE5C7C7C-F109-44F5-8329-25A4E24F162C}.Release with error catching|x64.Build.0 = Release_NO_STREFLOP|x64
		{FE5C7C7C-F109-44F5-8329-25A4E24F162C}.Release_WITHOUT_STREFLOP|Mixed Platforms.ActiveCfg = Release_WITHOUT_STREFLOP|Win32
		{FE5C7C7C-F109-44F5-8329-25A4E24F162C}.Release_WITHOUT_STREFLOP|Mixed Platforms.Build.0 = Release_WITHOUT_STREFLOP|Win32
		{FE5C7C7C-F109-44F5-8329-25A4E24F162C}.Release_WITHOUT_STREFLOP|Win32.ActiveCfg = Release_WITHOUT_STREFLOP|Win32
		{FE5C7C7C-F109-44F5-8329-25A4E24F162C}.Release_WITHOUT_STREFLOP|Win32.Build.0 = Release_WITHOUT_STREFLOP|Win32
		{FE5C7C7C-F109-44F5-8329-25A4E24F162C}.Release_WITHOUT_STREFLOP|x64.ActiveCfg = Release_WITHOUT_STREFLOP|x64
		{FE5C7C7C-F109-44F5-8329-25A4E24F162C}.Release_WITHOUT_STREFLOP|x64.Build.0 = Release_WITHOUT_STREFLOP|x64
		{FE5C7C7C-F109-44F5-8329-25A4E24F162C}.Release|Mixed Platforms.ActiveCfg = Release|Win32
		{FE5C7C7C-F109-44F5-8329-25A4E24F162C}.Release|Mixed Platforms.Build.0 = Release|Win32
		{FE5C7C7C-F109-44F5-8329-25A4E24F162C}.Release|Win32.ActiveCfg = Release|Win32
		{FE5C7C7C-F109-44F5-8329-25A4E24F162C}.Release|Win32.Build.0 = Release|Win32
		{FE5C7C7C-F109-44F5-8329-25A4E24F162C}.Release|x64.ActiveCfg = Release|x64
		{FE5C7C7C-F109-44F5-8329-25A4E24F162C}.Release|x64.Build.0 = Release|x64
		{FE5C7C7C-F109-44F5-8329-25A4E24F162C}.Release+MT with error catching|Mixed Platforms.ActiveCfg = Release_NO_STREFLOP|Win32
		{FE5C7C7C-F109-44F5-8329-25A4E24F162C}.Release+MT with error catching|Mixed Platforms.Build.0 = Release_NO_STREFLOP|Win32
		{FE5C7C7C-F109-44F5-8329-25A4E24F162C}.Release+MT with error catching|Win32.ActiveCfg = Release|Win32
		{FE5C7C7C-F109-44F5-8329-25A4E24F162C}.Release+MT with error catching|Win32.Build.0 = Release|Win32
		{FE5C7C7C-F109-44F5-8329-25A4E24F162C}.Release+MT with error catching|x64.ActiveCfg = Release_NO_STREFLOP|x64
		{FE5C7C7C-F109-44F5-8329-25A4E24F162C}.Release+MT with error catching|x64.Build.0 = Release_NO_STREFLOP|x64
		{FE5C7C7C-F109-44F5-8329-25A4E24F162C}.Syncdebug|Mixed Platforms.ActiveCfg = Release_NO_STREFLOP|Win32
		{FE5C7C7C-F109-44F5-8329-25A4E24F162C}.Syncdebug|Mixed Platforms.Build.0 = Release_NO_STREFLOP|Win32
		{FE5C7C7C-F109-44F5-8329-25A4E24F162C}.Syncdebug|Win32.ActiveCfg = Release|Win32
		{FE5C7C7C-F109-44F5-8329-25A4E24F162C}.Syncdebug|Win32.Build.0 = Release|Win32
		{FE5C7C7C-F109-44F5-8329-25A4E24F162C}.Syncdebug|x64.ActiveCfg = Release_NO_STREFLOP|x64
		{FE5C7C7C-F109-44F5-8329-25A4E24F162C}.Syncdebug|x64.Build.0 = Release_NO_STREFLOP|x64
		{9A3DE527-6000-40BB-B971-F0FCAD9FF519}.Debug|Mixed Platforms.ActiveCfg = Debug|Win32
		{9A3DE527-6000-40BB-B971-F0FCAD9FF519}.Debug|Mixed Platforms.Build.0 = Debug|Win32
		{9A3DE527-6000-40BB-B971-F0FCAD9FF519}.Debug|Win32.ActiveCfg = Debug|Win32
		{9A3DE527-6000-40BB-B971-F0FCAD9FF519}.Debug|Win32.Build.0 = Debug|Win32
		{9A3DE527-6000-40BB-B971-F0FCAD9FF519}.Debug|x64.ActiveCfg = Debug|x64
		{9A3DE527-6000-40BB-B971-F0FCAD9FF519}.Debug|x64.Build.0 = Debug|x64
		{9A3DE527-6000-40BB-B971-F0FCAD9FF519}.Debug+MT|Mixed Platforms.ActiveCfg = Debug|Win32
		{9A3DE527-6000-40BB-B971-F0FCAD9FF519}.Debug+MT|Mixed Platforms.Build.0 = Debug|Win32
		{9A3DE527-6000-40BB-B971-F0FCAD9FF519}.Debug+MT|Win32.ActiveCfg = Debug|Win32
		{9A3DE527-6000-40BB-B971-F0FCAD9FF519}.Debug+MT|Win32.Build.0 = Debug|Win32
		{9A3DE527-6000-40BB-B971-F0FCAD9FF519}.Debug+MT|x64.ActiveCfg = Debug|x64
		{9A3DE527-6000-40BB-B971-F0FCAD9FF519}.Debug+MT|x64.Build.0 = Debug|x64
		{9A3DE527-6000-40BB-B971-F0FCAD9FF519}.Debug-MT|Mixed Platforms.ActiveCfg = Debug|Win32
		{9A3DE527-6000-40BB-B971-F0FCAD9FF519}.Debug-MT|Mixed Platforms.Build.0 = Debug|Win32
		{9A3DE527-6000-40BB-B971-F0FCAD9FF519}.Debug-MT|Win32.ActiveCfg = Debug|Win32
		{9A3DE527-6000-40BB-B971-F0FCAD9FF519}.Debug-MT|Win32.Build.0 = Debug|Win32
		{9A3DE527-6000-40BB-B971-F0FCAD9FF519}.Debug-MT|x64.ActiveCfg = Debug|x64
		{9A3DE527-6000-40BB-B971-F0FCAD9FF519}.Debug-MT|x64.Build.0 = Debug|x64
		{9A3DE527-6000-40BB-B971-F0FCAD9FF519}.No debug|Mixed Platforms.ActiveCfg = Release|Win32
		{9A3DE527-6000-40BB-B971-F0FCAD9FF519}.No debug|Mixed Platforms.Build.0 = Release|Win32
		{9A3DE527-6000-40BB-B971-F0FCAD9FF519}.No debug|Win32.ActiveCfg = Release|Win32
		{9A3DE527-6000-40BB-B971-F0FCAD9FF519}.No debug|Win32.Build.0 = Release|Win32
		{9A3DE527-6000-40BB-B971-F0FCAD9FF519}.No debug|x64.ActiveCfg = Release|x64
		{9A3DE527-6000-40BB-B971-F0FCAD9FF519}.No debug|x64.Build.0 = Release|x64
		{9A3DE527-6000-40BB-B971-F0FCAD9FF519}.Release with error catching|Mixed Platforms.ActiveCfg = Release|Win32
		{9A3DE527-6000-40BB-B971-F0FCAD9FF519}.Release with error catching|Mixed Platforms.Build.0 = Release|Win32
		{9A3DE527-6000-40BB-B971-F0FCAD9FF519}.Release with error catching|Win32.ActiveCfg = Release|Win32
		{9A3DE527-6000-40BB-B971-F0FCAD9FF519}.Release with error catching|Win32.Build.0 = Release|Win32
		{9A3DE527-6000-40BB-B971-F0FCAD9FF519}.Release with error catching|x64.ActiveCfg = Release|x64
		{9A3DE527-6000-40BB-B971-F0FCAD9FF519}.Release with error catching|x64.Build.0 = Release|x64
		{9A3DE527-6000-40BB-B971-F0FCAD9FF519}.Release_WITHOUT_STREFLOP|Mixed Platforms.ActiveCfg = Release_WITHOUT_STREFLOP|Win32
		{9A3DE527-6000-40BB-B971-F0FCAD9FF519}.Release_WITHOUT_STREFLOP|Mixed Platforms.Build.0 = Release_WITHOUT_STREFLOP|Win32
		{9A3DE527-6000-40BB-B971-F0FCAD9FF519}.Release_WITHOUT_STREFLOP|Win32.ActiveCfg = Release_WITHOUT_STREFLOP|Win32
		{9A3DE527-6000-40BB-B971-F0FCAD9FF519}.Release_WITHOUT_STREFLOP|Win32.Build.0 = Release_WITHOUT_STREFLOP|Win32
		{9A3DE527-6000-40BB-B971-F0FCAD9FF519}.Release_WITHOUT_STREFLOP|x64.ActiveCfg = Release_WITHOUT_STREFLOP|x64
		{9A3DE527-6000-40BB-B971-F0FCAD9FF519}.Release_WITHOUT_STREFLOP|x64.Build.0 = Release_WITHOUT_STREFLOP|x64
		{9A3DE527-6000-40BB-B971-F0FCAD9FF519}.Release|Mixed Platforms.ActiveCfg = Release|Win32
		{9A3DE527-6000-40BB-B971-F0FCAD9FF519}.Release|Mixed Platforms.Build.0 = Release|Win32
		{9A3DE527-6000-40BB-B971-F0FCAD9FF519}.Release|Win32.ActiveCfg = Release|Win32
		{9A3DE527-6000-40BB-B971-F0FCAD9FF519}.Release|Win32.Build.0 = Release|Win32
		{9A3DE527-6000-40BB-B971-F0FCAD9FF519}.Release|x64.ActiveCfg = Release|x64
		{9A3DE527-6000-40BB-B971-F0FCAD9FF519}.Release|x64.Build.0 = Release|x64
		{9A3DE527-6000-40BB-B971-F0FCAD9FF519}.Release+MT with error catching|Mixed Platforms.ActiveCfg = Release|Win32
		{9A3DE527-6000-40BB-B971-F0FCAD9FF519}.Release+MT with error catching|Mixed Platforms.Build.0 = Release|Win32
		{9A3DE527-6000-40BB-B971-F0FCAD9FF519}.Release+MT with error catching|Win32.ActiveCfg = Release|Win32
		{9A3DE527-6000-40BB-B971-F0FCAD9FF519}.Release+MT with error catching|Win32.Build.0 = Release|Win32
		{9A3DE527-6000-40BB-B971-F0FCAD9FF519}.Release+MT with error catching|x64.ActiveCfg = Release|x64
		{9A3DE527-6000-40BB-B971-F0FCAD9FF519}.Release+MT with error catching|x64.Build.0 = Release|x64
		{9A3DE527-6000-40BB-B971-F0FCAD9FF519}.Syncdebug|Mixed Platforms.ActiveCfg = Release|Win32
		{9A3DE527-6000-40BB-B971-F0FCAD9FF519}.Syncdebug|Mixed Platforms.Build.0 = Release|Win32
		{9A3DE527-6000-40BB-B971-F0FCAD9FF519}.Syncdebug|Win32.ActiveCfg = Release|Win32
		{9A3DE527-6000-40BB-B971-F0FCAD9FF519}.Syncdebug|Win32.Build.0 = Release|Win32
		{9A3DE527-6000-40BB-B971-F0FCAD9FF519}.Syncdebug|x64.ActiveCfg = Release|x64
		{9A3DE527-6000-40BB-B971-F0FCAD9FF519}.Syncdebug|x64.Build.0 = Release|x64
		{CDF4DDB9-945E-4D0D-9F0E-2BBEB5D22141}.Debug|Mixed Platforms.ActiveCfg = Debug|Win32
		{CDF4DDB9-945E-4D0D-9F0E-2BBEB5D22141}.Debug|Mixed Platforms.Build.0 = Debug|Win32
		{CDF4DDB9-945E-4D0D-9F0E-2BBEB5D22141}.Debug|Win32.ActiveCfg = Debug|Win32
		{CDF4DDB9-945E-4D0D-9F0E-2BBEB5D22141}.Debug|Win32.Build.0 = Debug|Win32
		{CDF4DDB9-945E-4D0D-9F0E-2BBEB5D22141}.Debug|x64.ActiveCfg = Debug|x64
		{CDF4DDB9-945E-4D0D-9F0E-2BBEB5D22141}.Debug|x64.Build.0 = Debug|x64
		{CDF4DDB9-945E-4D0D-9F0E-2BBEB5D22141}.Debug+MT|Mixed Platforms.ActiveCfg = Debug-MT|Win32
		{CDF4DDB9-945E-4D0D-9F0E-2BBEB5D22141}.Debug+MT|Mixed Platforms.Build.0 = Debug-MT|Win32
		{CDF4DDB9-945E-4D0D-9F0E-2BBEB5D22141}.Debug+MT|Win32.ActiveCfg = Debug-MT|Win32
		{CDF4DDB9-945E-4D0D-9F0E-2BBEB5D22141}.Debug+MT|Win32.Build.0 = Debug-MT|Win32
		{CDF4DDB9-945E-4D0D-9F0E-2BBEB5D22141}.Debug+MT|x64.ActiveCfg = Debug-MT|x64
		{CDF4DDB9-945E-4D0D-9F0E-2BBEB5D22141}.Debug+MT|x64.Build.0 = Debug-MT|x64
		{CDF4DDB9-945E-4D0D-9F0E-2BBEB5D22141}.Debug-MT|Mixed Platforms.ActiveCfg = Debug-MT|Win32
		{CDF4DDB9-945E-4D0D-9F0E-2BBEB5D22141}.Debug-MT|Mixed Platforms.Build.0 = Debug-MT|Win32
		{CDF4DDB9-945E-4D0D-9F0E-2BBEB5D22141}.Debug-MT|Win32.ActiveCfg = Debug-MT|Win32
		{CDF4DDB9-945E-4D0D-9F0E-2BBEB5D22141}.Debug-MT|Win32.Build.0 = Debug-MT|Win32
		{CDF4DDB9-945E-4D0D-9F0E-2BBEB5D22141}.Debug-MT|x64.ActiveCfg = Debug-MT|x64
		{CDF4DDB9-945E-4D0D-9F0E-2BBEB5D22141}.Debug-MT|x64.Build.0 = Debug-MT|x64
		{CDF4DDB9-945E-4D0D-9F0E-2BBEB5D22141}.No debug|Mixed Platforms.ActiveCfg = Debug-MT|Win32
		{CDF4DDB9-945E-4D0D-9F0E-2BBEB5D22141}.No debug|Mixed Platforms.Build.0 = Debug-MT|Win32
		{CDF4DDB9-945E-4D0D-9F0E-2BBEB5D22141}.No debug|Win32.ActiveCfg = Debug-MT|Win32
		{CDF4DDB9-945E-4D0D-9F0E-2BBEB5D22141}.No debug|Win32.Build.0 = Debug-MT|Win32
		{CDF4DDB9-945E-4D0D-9F0E-2BBEB5D22141}.No debug|x64.ActiveCfg = Debug-MT|x64
		{CDF4DDB9-945E-4D0D-9F0E-2BBEB5D22141}.No debug|x64.Build.0 = Debug-MT|x64
		{CDF4DDB9-945E-4D0D-9F0E-2BBEB5D22141}.Release with error catching|Mixed Platforms.ActiveCfg = Release_NO_STREFLOP|Win32
		{CDF4DDB9-945E-4D0D-9F0E-2BBEB5D22141}.Release with error catching|Mixed Platforms.Build.0 = Release_NO_STREFLOP|Win32
		{CDF4DDB9-945E-4D0D-9F0E-2BBEB5D22141}.Release with error catching|Win32.ActiveCfg = Release_NO_STREFLOP|Win32
		{CDF4DDB9-945E-4D0D-9F0E-2BBEB5D22141}.Release with error catching|Win32.Build.0 = Release_NO_STREFLOP|Win32
		{CDF4DDB9-945E-4D0D-9F0E-2BBEB5D22141}.Release with error catching|x64.ActiveCfg = Release_NO_STREFLOP|x64
		{CDF4DDB9-945E-4D0D-9F0E-2BBEB5D22141}.Release with error catching|x64.Build.0 = Release_NO_STREFLOP|x64
		{CDF4DDB9-945E-4D0D-9F0E-2BBEB5D22141}.Release_WITHOUT_STREFLOP|Mixed Platforms.ActiveCfg = Release_WITHOUT_STREFLOP|Win32
		{CDF4DDB9-945E-4D0D-9F0E-2BBEB5D22141}.Release_WITHOUT_STREFLOP|Mixed Platforms.Build.0 = Release_WITHOUT_STREFLOP|Win32
		{CDF4DDB9-945E-4D0D-9F0E-2BBEB5D22141}.Release_WITHOUT_STREFLOP|Win32.ActiveCfg = Release_WITHOUT_STREFLOP|Win32
		{CDF4DDB9-945E-4D0D-9F0E-2BBEB5D22141}.Release_WITHOUT_STREFLOP|Win32.Build.0 = Release_WITHOUT_STREFLOP|Win32
		{CDF4DDB9-945E-4D0D-9F0E-2BBEB5D22141}.Release_WITHOUT_STREFLOP|x64.ActiveCfg = Release_WITHOUT_STREFLOP|x64
		{CDF4DDB9-945E-4D0D-9F0E-2BBEB5D22141}.Release_WITHOUT_STREFLOP|x64.Build.0 = Release_WITHOUT_STREFLOP|x64
		{CDF4DDB9-945E-4D0D-9F0E-2BBEB5D22141}.Release|Mixed Platforms.ActiveCfg = Release|Win32
		{CDF4DDB9-945E-4D0D-9F0E-2BBEB5D22141}.Release|Mixed Platforms.Build.0 = Release|Win32
		{CDF4DDB9-945E-4D0D-9F0E-2BBEB5D22141}.Release|Win32.ActiveCfg = Release|Win32
		{CDF4DDB9-945E-4D0D-9F0E-2BBEB5D22141}.Release|Win32.Build.0 = Release|Win32
		{CDF4DDB9-945E-4D0D-9F0E-2BBEB5D22141}.Release|x64.ActiveCfg = Release|x64
		{CDF4DDB9-945E-4D0D-9F0E-2BBEB5D22141}.Release|x64.Build.0 = Release|x64
		{CDF4DDB9-945E-4D0D-9F0E-2BBEB5D22141}.Release+MT with error catching|Mixed Platforms.ActiveCfg = Release_NO_STREFLOP|Win32
		{CDF4DDB9-945E-4D0D-9F0E-2BBEB5D22141}.Release+MT with error catching|Mixed Platforms.Build.0 = Release_NO_STREFLOP|Win32
		{CDF4DDB9-945E-4D0D-9F0E-2BBEB5D22141}.Release+MT with error catching|Win32.ActiveCfg = Release_NO_STREFLOP|Win32
		{CDF4DDB9-945E-4D0D-9F0E-2BBEB5D22141}.Release+MT with error catching|Win32.Build.0 = Release_NO_STREFLOP|Win32
		{CDF4DDB9-945E-4D0D-9F0E-2BBEB5D22141}.Release+MT with error catching|x64.ActiveCfg = Release_NO_STREFLOP|x64
		{CDF4DDB9-945E-4D0D-9F0E-2BBEB5D22141}.Release+MT with error catching|x64.Build.0 = Release_NO_STREFLOP|x64
		{CDF4DDB9-945E-4D0D-9F0E-2BBEB5D22141}.Syncdebug|Mixed Platforms.ActiveCfg = Debug-MT|Win32
		{CDF4DDB9-945E-4D0D-9F0E-2BBEB5D22141}.Syncdebug|Mixed Platforms.Build.0 = Debug-MT|Win32
		{CDF4DDB9-945E-4D0D-9F0E-2BBEB5D22141}.Syncdebug|Win32.ActiveCfg = Debug-MT|Win32
		{CDF4DDB9-945E-4D0D-9F0E-2BBEB5D22141}.Syncdebug|Win32.Build.0 = Debug-MT|Win32
		{CDF4DDB9-945E-4D0D-9F0E-2BBEB5D22141}.Syncdebug|x64.ActiveCfg = Debug-MT|x64
		{CDF4DDB9-945E-4D0D-9F0E-2BBEB5D22141}.Syncdebug|x64.Build.0 = Debug-MT|x64
	EndGlobalSection
	GlobalSection(SolutionProperties) = preSolution
		HideSolutionNode = FALSE
	EndGlobalSection
EndGlobal
