<?xml version="1.0" encoding="UTF-8" standalone="yes" ?>
<CodeBlocks_project_file>
	<FileVersion major="1" minor="6" />
	<Project>
		<Option title="glest_game" />
		<Option pch_mode="2" />
		<Option compiler="mingw32_compiler" />
		<Build>
			<Target title="Debug Win32">
				<Option output="../../data/glest_game/glest_game.exe" prefix_auto="0" extension_auto="0" />
				<Option working_dir="../../data/glest_game/" />
				<Option object_output="Debug Win32/glest_game" />
				<Option type="1" />
				<Option compiler="mingw32_compiler" />
				<Option use_console_runner="0" />
				<Compiler>
					<Add option="-g" />
					<Add option="-DWIN32" />
					<Add option="-D_DEBUG" />
					<Add option="-D_WINDOWS" />
					<Add option="-DXML_LIBRARY" />
					<Add option="-DUSE_PCH=1" />
					<Add option="-D_CRT_SECURE_NO_WARNINGS" />
					<Add option="-DUSE_STREFLOP" />
					<Add option="-DSTREFLOP_SSE" />
					<Add option="-DLIBM_COMPILING_FLT32" />
					<Add option="-DCURL_STATICLIB" />
					<Add directory="../../source/shared_lib/include/graphics" />
					<Add directory="../../source/shared_lib/include/graphics/gl" />
					<Add directory="../../source/shared_lib/include/platform" />
					<Add directory="../../source/shared_lib/include/platform/win32" />
					<Add directory="../../source/shared_lib/include/sound" />
					<Add directory="../../source/shared_lib/include/sound/ds8" />
					<Add directory="../../source/shared_lib/include/util" />
					<Add directory="../../source/shared_lib/include/lua" />
					<Add directory="../../source/shared_lib/include/xml" />
					<Add directory="../../source/shared_lib/include/tinyxml" />
					<Add directory="../../source/glest_game/ai" />
					<Add directory="../../source/glest_game/facilities" />
					<Add directory="../../source/glest_game/game" />
					<Add directory="../../source/glest_game/global" />
					<Add directory="../../source/glest_game/graphics" />
					<Add directory="../../source/glest_game/gui" />
					<Add directory="../../source/glest_game/main" />
					<Add directory="../../source/glest_game/menu" />
					<Add directory="../../source/glest_game/network" />
					<Add directory="../../source/glest_game/sound" />
					<Add directory="../../source/glest_game/type_instances" />
					<Add directory="../../source/glest_game/types" />
					<Add directory="../../source/glest_game/world" />
					<Add directory="../../source/win32_deps/include" />
					<Add directory="../../source/win32_deps/xerces-c-3.0.1/src" />
					<Add directory="../../source/win32_deps/SDL-1.2.x/include" />
					<Add directory="../../source/shared_lib/include/platform/sdl" />
					<Add directory="../../source/shared_lib/include/sound/openal" />
					<Add directory="../../source/win32_deps/openal-soft-1.12.854/include" />
					<Add directory="../../source/shared_lib/include/platform/posix" />
					<Add directory="../../source/shared_lib/include/streflop" />
					<Add directory="../../source/shared_lib/include/platform/common" />
					<Add directory="../../source/win32_deps/curl-7.20.1/include" />
					<Add directory="../../source/shared_lib/include/map" />
					<Add directory="$(NOINHERIT)" />
				</Compiler>
				<ResourceCompiler>
					<Add directory="../../source/shared_lib/include/graphics" />
					<Add directory="../../source/shared_lib/include/graphics/gl" />
					<Add directory="../../source/shared_lib/include/platform" />
					<Add directory="../../source/shared_lib/include/platform/win32" />
					<Add directory="../../source/shared_lib/include/sound" />
					<Add directory="../../source/shared_lib/include/sound/ds8" />
					<Add directory="../../source/shared_lib/include/util" />
					<Add directory="../../source/shared_lib/include/lua" />
					<Add directory="../../source/shared_lib/include/xml" />
					<Add directory="../../source/shared_lib/include/tinyxml" />
					<Add directory="../../source/glest_game/ai" />
					<Add directory="../../source/glest_game/facilities" />
					<Add directory="../../source/glest_game/game" />
					<Add directory="../../source/glest_game/global" />
					<Add directory="../../source/glest_game/graphics" />
					<Add directory="../../source/glest_game/gui" />
					<Add directory="../../source/glest_game/main" />
					<Add directory="../../source/glest_game/menu" />
					<Add directory="../../source/glest_game/network" />
					<Add directory="../../source/glest_game/sound" />
					<Add directory="../../source/glest_game/type_instances" />
					<Add directory="../../source/glest_game/types" />
					<Add directory="../../source/glest_game/world" />
					<Add directory="../../source/win32_deps/include" />
					<Add directory="../../source/win32_deps/xerces-c-3.0.1/src" />
					<Add directory="../../source/win32_deps/SDL-1.2.x/include" />
					<Add directory="../../source/shared_lib/include/platform/sdl" />
					<Add directory="../../source/shared_lib/include/sound/openal" />
					<Add directory="../../source/win32_deps/openal-soft-1.12.854/include" />
					<Add directory="../../source/shared_lib/include/platform/posix" />
					<Add directory="../../source/shared_lib/include/streflop" />
					<Add directory="../../source/shared_lib/include/platform/common" />
					<Add directory="../../source/win32_deps/curl-7.20.1/include" />
					<Add directory="../../source/shared_lib/include/map" />
					<Add directory="$(NOINHERIT)" />
				</ResourceCompiler>
				<Linker>
					<Add option="-Wl,-subsystem,console" />
					<Add option="-mconsole" />
					<Add library="mingw32" />
					<Add library="ddraw" />
					<Add library="dsound" />
					<Add library="dxguid" />
					<Add library="ws2_32" />
					<Add library="iphlpapi" />
					<Add library="wsock32" />
					<Add library="liblibogg" />
					<Add library="liblibvorbis" />
					<Add library="liblibvorbisfile" />
					<Add library="zlib" />
					<Add library="jpeg" />
					<Add library="liblibpng" />
					<Add library="xerces-c" />
					<Add library="OpenAL32" />
					<Add library="liblibcurl" />
					<Add library="winmm" />
					<Add library="gdi32" />
					<Add library="opengl32" />
					<Add library="glu32" />
					<Add library="SDL" />
					<Add library="SDLmain" />
					<Add library="lua5.1" />
					<Add library="streflop" />
					<Add library="glest" />
					<Add directory="../../source/win32_deps/lib" />
					<Add directory="../../source/win32_deps/xerces-c-src_2_8_0/lib" />
				</Linker>
			</Target>
			<Target title="Release Win32">
				<Option output="glest_game.exe" prefix_auto="0" extension_auto="0" />
				<Option object_output="Release Win32/glest_game" />
				<Option type="1" />
				<Option compiler="mingw32_compiler" />
				<Option use_console_runner="0" />
				<Compiler>
					<Add option="-D_WIN32" />
					<Add option="-DWIN32" />
					<Add option="-DNDEBUG" />
					<Add option="-D_WINDOWS" />
					<Add option="-DXML_LIBRARY" />
					<Add option="-DUSE_PCH=1" />
					<Add option="-D_CRT_SECURE_NO_WARNINGS" />
					<Add option="-DUSE_STREFLOP" />
					<Add option="-DSTREFLOP_SSE" />
					<Add option="-DCURL_STATICLIB" />
					<Add option="-D_STDCALL_SUPPORTED" />
					<Add option="-D_M_IX86" />
					<Add directory="../../source/shared_lib/include/graphics" />
					<Add directory="../../source/shared_lib/include/graphics/gl" />
					<Add directory="../../source/shared_lib/include/platform" />
					<Add directory="../../source/shared_lib/include/platform/win32" />
					<Add directory="../../source/shared_lib/include/sound" />
					<Add directory="../../source/shared_lib/include/sound/ds8" />
					<Add directory="../../source/shared_lib/include/util" />
					<Add directory="../../source/shared_lib/include/lua" />
					<Add directory="../../source/shared_lib/include/xml" />
					<Add directory="../../source/shared_lib/include/tinyxml" />
					<Add directory="../../source/glest_game/ai" />
					<Add directory="../../source/glest_game/facilities" />
					<Add directory="../../source/glest_game/game" />
					<Add directory="../../source/glest_game/global" />
					<Add directory="../../source/glest_game/graphics" />
					<Add directory="../../source/glest_game/gui" />
					<Add directory="../../source/glest_game/main" />
					<Add directory="../../source/glest_game/menu" />
					<Add directory="../../source/glest_game/network" />
					<Add directory="../../source/glest_game/sound" />
					<Add directory="../../source/glest_game/type_instances" />
					<Add directory="../../source/glest_game/types" />
					<Add directory="../../source/glest_game/world" />
					<Add directory="../../source/win32_deps/include" />
					<Add directory="../../source/win32_deps/xerces-c-src_2_8_0/src" />
					<Add directory="../../source/win32_deps/SDL-1.2.x/include" />
					<Add directory="../../source/shared_lib/include/platform/sdl" />
					<Add directory="../../source/shared_lib/include/sound/openal" />
					<Add directory="../../source/win32_deps/openal-soft-1.12.854/include" />
					<Add directory="../../source/shared_lib/include/platform/posix" />
					<Add directory="../../source/shared_lib/include/streflop" />
					<Add directory="../../source/shared_lib/include/platform/common" />
					<Add directory="../../source/win32_deps/curl-7.20.1/include" />
					<Add directory="../../source/shared_lib/include/map" />
					<Add directory="../../source/win32_deps/xerces-c-src_2_8_0/include" />
					<Add directory="$(NOINHERIT)" />
				</Compiler>
				<ResourceCompiler>
					<Add directory="../../source/shared_lib/include/graphics" />
					<Add directory="../../source/shared_lib/include/graphics/gl" />
					<Add directory="../../source/shared_lib/include/platform" />
					<Add directory="../../source/shared_lib/include/platform/win32" />
					<Add directory="../../source/shared_lib/include/sound" />
					<Add directory="../../source/shared_lib/include/sound/ds8" />
					<Add directory="../../source/shared_lib/include/util" />
					<Add directory="../../source/shared_lib/include/lua" />
					<Add directory="../../source/shared_lib/include/xml" />
					<Add directory="../../source/shared_lib/include/tinyxml" />
					<Add directory="../../source/glest_game/ai" />
					<Add directory="../../source/glest_game/facilities" />
					<Add directory="../../source/glest_game/game" />
					<Add directory="../../source/glest_game/global" />
					<Add directory="../../source/glest_game/graphics" />
					<Add directory="../../source/glest_game/gui" />
					<Add directory="../../source/glest_game/main" />
					<Add directory="../../source/glest_game/menu" />
					<Add directory="../../source/glest_game/network" />
					<Add directory="../../source/glest_game/sound" />
					<Add directory="../../source/glest_game/type_instances" />
					<Add directory="../../source/glest_game/types" />
					<Add directory="../../source/glest_game/world" />
					<Add directory="../../source/win32_deps/include" />
					<Add directory="../../source/win32_deps/xerces-c-3.0.1/src" />
					<Add directory="../../source/win32_deps/SDL-1.2.x/include" />
					<Add directory="../../source/shared_lib/include/platform/sdl" />
					<Add directory="../../source/shared_lib/include/sound/openal" />
					<Add directory="../../source/win32_deps/openal-soft-1.12.854/include" />
					<Add directory="../../source/shared_lib/include/platform/posix" />
					<Add directory="../../source/shared_lib/include/streflop" />
					<Add directory="../../source/shared_lib/include/platform/common" />
					<Add directory="../../source/win32_deps/curl-7.20.1/include" />
					<Add directory="../../source/shared_lib/include/map" />
					<Add directory="$(NOINHERIT)" />
				</ResourceCompiler>
				<Linker>
					<Add option="-Wl,-subsystem,console" />
					<Add option="-mconsole" />
					<Add library="mingw32" />
					<Add library="ddraw" />
					<Add library="dsound" />
					<Add library="dxguid" />
					<Add library="ws2_32" />
					<Add library="iphlpapi" />
					<Add library="wsock32" />
					<Add library="liblibogg" />
					<Add library="liblibvorbis" />
					<Add library="liblibvorbisfile" />
					<Add library="zlib" />
					<Add library="jpeg" />
					<Add library="liblibpng" />
					<Add library="xerces-c" />
					<Add library="OpenAL32" />
					<Add library="liblibcurl" />
					<Add library="winmm" />
					<Add library="gdi32" />
					<Add library="opengl32" />
					<Add library="glu32" />
					<Add library="SDL" />
					<Add library="SDLmain" />
					<Add library="lua5.1" />
					<Add library="streflop" />
					<Add library="glest" />
					<Add directory="../../source/win32_deps/lib" />
					<Add directory="../../source/win32_deps/xerces-c-src_2_8_0/lib" />
				</Linker>
			</Target>
			<Target title="Release_NO_STREFLOP Win32">
				<Option output="glest_game" prefix_auto="1" extension_auto="1" />
				<Option object_output="Release_NO_STREFLOP Win32" />
				<Option type="1" />
				<Option compiler="mingw32_compiler" />
				<Compiler>
					<Add option="/DWIN32" />
					<Add option="/DNDEBUG" />
					<Add option="/D_WINDOWS" />
					<Add option="/DXML_LIBRARY" />
					<Add option="/DUSE_PCH=1" />
					<Add option="/D_CRT_SECURE_NO_WARNINGS" />
					<Add option="/DSTREFLOP_SSE" />
					<Add option="/DLIBM_COMPILING_FLT32" />
					<Add option="/DCURL_STATICLIB" />
					<Add option="/W2" />
					<Add option="/Zi" />
					<Add option="/O2" />
					<Add option="/MT" />
					<Add option="/arch:SSE2" />
					<Add directory="../../../deps/include/lua" />
					<Add directory="../../../deps/include" />
					<Add directory="../../source/shared_lib/include/graphics" />
					<Add directory="../../source/shared_lib/include/graphics/gl" />
					<Add directory="../../source/shared_lib/include/platform" />
					<Add directory="../../source/shared_lib/include/platform/win32" />
					<Add directory="../../source/shared_lib/include/sound" />
					<Add directory="../../source/shared_lib/include/sound/ds8" />
					<Add directory="../../source/shared_lib/include/util" />
					<Add directory="../../source/shared_lib/include/lua" />
					<Add directory="../../source/shared_lib/include/xml" />
					<Add directory="../../source/shared_lib/include/tinyxml" />
					<Add directory="../../source/glest_game/ai" />
					<Add directory="../../source/glest_game/facilities" />
					<Add directory="../../source/glest_game/game" />
					<Add directory="../../source/glest_game/global" />
					<Add directory="../../source/glest_game/graphics" />
					<Add directory="../../source/glest_game/gui" />
					<Add directory="../../source/glest_game/main" />
					<Add directory="../../source/glest_game/menu" />
					<Add directory="../../source/glest_game/network" />
					<Add directory="../../source/glest_game/sound" />
					<Add directory="../../source/glest_game/type_instances" />
					<Add directory="../../source/glest_game/types" />
					<Add directory="../../source/glest_game/world" />
					<Add directory="../../source/win32_deps/include" />
					<Add directory="../../source/win32_deps/xerces-c-3.0.1/src" />
					<Add directory="../../source/win32_deps/SDL-1.2.x/include" />
					<Add directory="../../source/shared_lib/include/platform/sdl" />
					<Add directory="../../source/shared_lib/include/sound/openal" />
					<Add directory="../../source/win32_deps/openal-soft-1.12.854/include" />
					<Add directory="../../source/shared_lib/include/platform/posix" />
					<Add directory="../../source/shared_lib/include/streflop" />
					<Add directory="../../source/shared_lib/include/platform/common" />
					<Add directory="../../source/win32_deps/curl-7.20.1/include" />
					<Add directory="../../source/shared_lib/include/map" />
					<Add directory="$(NOINHERIT)" />
				</Compiler>
				<ResourceCompiler>
					<Add directory="../../../deps/include/lua" />
					<Add directory="../../../deps/include" />
					<Add directory="../../source/shared_lib/include/graphics" />
					<Add directory="../../source/shared_lib/include/graphics/gl" />
					<Add directory="../../source/shared_lib/include/platform" />
					<Add directory="../../source/shared_lib/include/platform/win32" />
					<Add directory="../../source/shared_lib/include/sound" />
					<Add directory="../../source/shared_lib/include/sound/ds8" />
					<Add directory="../../source/shared_lib/include/util" />
					<Add directory="../../source/shared_lib/include/lua" />
					<Add directory="../../source/shared_lib/include/xml" />
					<Add directory="../../source/shared_lib/include/tinyxml" />
					<Add directory="../../source/glest_game/ai" />
					<Add directory="../../source/glest_game/facilities" />
					<Add directory="../../source/glest_game/game" />
					<Add directory="../../source/glest_game/global" />
					<Add directory="../../source/glest_game/graphics" />
					<Add directory="../../source/glest_game/gui" />
					<Add directory="../../source/glest_game/main" />
					<Add directory="../../source/glest_game/menu" />
					<Add directory="../../source/glest_game/network" />
					<Add directory="../../source/glest_game/sound" />
					<Add directory="../../source/glest_game/type_instances" />
					<Add directory="../../source/glest_game/types" />
					<Add directory="../../source/glest_game/world" />
					<Add directory="../../source/win32_deps/include" />
					<Add directory="../../source/win32_deps/xerces-c-3.0.1/src" />
					<Add directory="../../source/win32_deps/SDL-1.2.x/include" />
					<Add directory="../../source/shared_lib/include/platform/sdl" />
					<Add directory="../../source/shared_lib/include/sound/openal" />
					<Add directory="../../source/win32_deps/openal-soft-1.12.854/include" />
					<Add directory="../../source/shared_lib/include/platform/posix" />
					<Add directory="../../source/shared_lib/include/streflop" />
					<Add directory="../../source/shared_lib/include/platform/common" />
					<Add directory="../../source/win32_deps/curl-7.20.1/include" />
					<Add directory="../../source/shared_lib/include/map" />
					<Add directory="$(NOINHERIT)" />
				</ResourceCompiler>
				<Linker>
					<Add option="/INCREMENTAL:NO" />
					<Add library="dsound" />
					<Add library="dxguid" />
					<Add library="ogg_static" />
					<Add library="vorbis_static" />
					<Add library="vorbisfile_static" />
					<Add library="opengl32" />
					<Add library="glu32" />
					<Add library="wsock32" />
					<Add library="libglest" />
					<Add library="mmc" />
					<Add library="lua5.1" />
					<Add library="xerces-c_3" />
					<Add library="Dbghelp" />
					<Add library="libpng" />
					<Add library="jpeg" />
					<Add library="zlib" />
					<Add library="sdl" />
					<Add library="sdlmain" />
					<Add library="winmm" />
					<Add library="openal32" />
					<Add library="iphlpapi" />
					<Add library="libstreflop" />
					<Add library="libcurl" />
					<Add library="ws2_32" />
					<Add directory="../../source/win32_deps/lib" />
					<Add directory="../../build/Release_NO_STREFLOP Win32/libglest" />
					<Add directory="../../source/shared_lib/sources/streflop/libstreflop" />
				</Linker>
			</Target>
		</Build>
		<Linker>
			<Add option="--verbose" />
		</Linker>
		<Unit filename="../../source/glest_game/ai/ai.cpp" />
		<Unit filename="../../source/glest_game/ai/ai.h" />
		<Unit filename="../../source/glest_game/ai/ai_interface.cpp" />
		<Unit filename="../../source/glest_game/ai/ai_interface.h" />
		<Unit filename="../../source/glest_game/ai/ai_rule.cpp" />
		<Unit filename="../../source/glest_game/ai/ai_rule.h" />
		<Unit filename="../../source/glest_game/ai/annotated_map.cpp" />
		<Unit filename="../../source/glest_game/ai/annotated_map.h" />
		<Unit filename="../../source/glest_game/ai/cartographer.cpp" />
		<Unit filename="../../source/glest_game/ai/cartographer.h" />
		<Unit filename="../../source/glest_game/ai/cluster_map.cpp" />
		<Unit filename="../../source/glest_game/ai/cluster_map.h" />
		<Unit filename="../../source/glest_game/ai/influence_map.h" />
		<Unit filename="../../source/glest_game/ai/node_pool.cpp" />
		<Unit filename="../../source/glest_game/ai/node_pool.h" />
		<Unit filename="../../source/glest_game/ai/path_finder.cpp" />
		<Unit filename="../../source/glest_game/ai/path_finder.h" />
		<Unit filename="../../source/glest_game/ai/route_planner.cpp" />
		<Unit filename="../../source/glest_game/ai/route_planner.h" />
		<Unit filename="../../source/glest_game/ai/search_engine.h" />
		<Unit filename="../../source/glest_game/facilities/auto_test.cpp" />
		<Unit filename="../../source/glest_game/facilities/auto_test.h" />
		<Unit filename="../../source/glest_game/facilities/components.cpp" />
		<Unit filename="../../source/glest_game/facilities/components.h" />
		<Unit filename="../../source/glest_game/facilities/game_util.cpp" />
		<Unit filename="../../source/glest_game/facilities/game_util.h" />
		<Unit filename="../../source/glest_game/facilities/logger.cpp" />
		<Unit filename="../../source/glest_game/facilities/logger.h" />
		<Unit filename="../../source/glest_game/facilities/pos_iterator.cpp" />
		<Unit filename="../../source/glest_game/facilities/pos_iterator.h" />
		<Unit filename="../../source/glest_game/game/chat_manager.cpp" />
		<Unit filename="../../source/glest_game/game/chat_manager.h" />
		<Unit filename="../../source/glest_game/game/commander.cpp" />
		<Unit filename="../../source/glest_game/game/commander.h" />
		<Unit filename="../../source/glest_game/game/console.cpp" />
		<Unit filename="../../source/glest_game/game/console.h" />
		<Unit filename="../../source/glest_game/game/game.cpp" />
		<Unit filename="../../source/glest_game/game/game.h" />
		<Unit filename="../../source/glest_game/game/game_camera.cpp" />
		<Unit filename="../../source/glest_game/game/game_camera.h" />
		<Unit filename="../../source/glest_game/game/game_constants.h" />
		<Unit filename="../../source/glest_game/game/game_settings.h" />
		<Unit filename="../../source/glest_game/game/script_manager.cpp" />
		<Unit filename="../../source/glest_game/game/script_manager.h" />
		<Unit filename="../../source/glest_game/game/stats.cpp" />
		<Unit filename="../../source/glest_game/game/stats.h" />
		<Unit filename="../../source/glest_game/global/config.cpp" />
		<Unit filename="../../source/glest_game/global/config.h" />
		<Unit filename="../../source/glest_game/global/core_data.cpp" />
		<Unit filename="../../source/glest_game/global/core_data.h" />
		<Unit filename="../../source/glest_game/global/lang.cpp" />
		<Unit filename="../../source/glest_game/global/lang.h" />
		<Unit filename="../../source/glest_game/global/metrics.cpp" />
		<Unit filename="../../source/glest_game/global/metrics.h" />
		<Unit filename="../../source/glest_game/graphics/debug_renderer.cpp" />
		<Unit filename="../../source/glest_game/graphics/debug_renderer.h" />
		<Unit filename="../../source/glest_game/graphics/particle_type.cpp" />
		<Unit filename="../../source/glest_game/graphics/particle_type.h" />
		<Unit filename="../../source/glest_game/graphics/renderer.cpp" />
		<Unit filename="../../source/glest_game/graphics/renderer.h" />
		<Unit filename="../../source/glest_game/graphics/unit_particle_type.cpp" />
		<Unit filename="../../source/glest_game/gui/display.cpp" />
		<Unit filename="../../source/glest_game/gui/display.h" />
		<Unit filename="../../source/glest_game/gui/gui.cpp" />
		<Unit filename="../../source/glest_game/gui/gui.h" />
		<Unit filename="../../source/glest_game/gui/selection.cpp" />
		<Unit filename="../../source/glest_game/gui/selection.h" />
		<Unit filename="../../source/glest_game/main/battle_end.cpp" />
		<Unit filename="../../source/glest_game/main/battle_end.h" />
		<Unit filename="../../source/glest_game/main/intro.cpp" />
		<Unit filename="../../source/glest_game/main/intro.h" />
		<Unit filename="../../source/glest_game/main/main.cpp" />
		<Unit filename="../../source/glest_game/main/main.h" />
		<Unit filename="../../source/glest_game/main/program.cpp" />
		<Unit filename="../../source/glest_game/main/program.h" />
		<Unit filename="../../source/glest_game/menu/main_menu.cpp" />
		<Unit filename="../../source/glest_game/menu/main_menu.h" />
		<Unit filename="../../source/glest_game/menu/menu_background.cpp" />
		<Unit filename="../../source/glest_game/menu/menu_background.h" />
		<Unit filename="../../source/glest_game/menu/menu_state_about.cpp" />
		<Unit filename="../../source/glest_game/menu/menu_state_about.h" />
		<Unit filename="../../source/glest_game/menu/menu_state_connected_game.cpp" />
		<Unit filename="../../source/glest_game/menu/menu_state_connected_game.h" />
		<Unit filename="../../source/glest_game/menu/menu_state_custom_game.cpp" />
		<Unit filename="../../source/glest_game/menu/menu_state_custom_game.h" />
		<Unit filename="../../source/glest_game/menu/menu_state_graphic_info.cpp" />
		<Unit filename="../../source/glest_game/menu/menu_state_graphic_info.h" />
		<Unit filename="../../source/glest_game/menu/menu_state_join_game.cpp" />
		<Unit filename="../../source/glest_game/menu/menu_state_join_game.h" />
		<Unit filename="../../source/glest_game/menu/menu_state_masterserver.cpp" />
		<Unit filename="../../source/glest_game/menu/menu_state_masterserver.h" />
		<Unit filename="../../source/glest_game/menu/menu_state_new_game.cpp" />
		<Unit filename="../../source/glest_game/menu/menu_state_new_game.h" />
		<Unit filename="../../source/glest_game/menu/menu_state_options.cpp" />
		<Unit filename="../../source/glest_game/menu/menu_state_options.h" />
		<Unit filename="../../source/glest_game/menu/menu_state_root.cpp" />
		<Unit filename="../../source/glest_game/menu/menu_state_root.h" />
		<Unit filename="../../source/glest_game/menu/menu_state_scenario.cpp" />
		<Unit filename="../../source/glest_game/menu/menu_state_scenario.h" />
		<Unit filename="../../source/glest_game/network/client_interface.cpp" />
		<Unit filename="../../source/glest_game/network/client_interface.h" />
		<Unit filename="../../source/glest_game/network/connection_slot.cpp" />
		<Unit filename="../../source/glest_game/network/connection_slot.h" />
		<Unit filename="../../source/glest_game/network/network_interface.cpp" />
		<Unit filename="../../source/glest_game/network/network_interface.h" />
		<Unit filename="../../source/glest_game/network/network_manager.cpp" />
		<Unit filename="../../source/glest_game/network/network_manager.h" />
		<Unit filename="../../source/glest_game/network/network_message.cpp" />
		<Unit filename="../../source/glest_game/network/network_message.h" />
		<Unit filename="../../source/glest_game/network/network_types.cpp" />
		<Unit filename="../../source/glest_game/network/network_types.h" />
		<Unit filename="../../source/glest_game/network/server_interface.cpp" />
		<Unit filename="../../source/glest_game/network/server_interface.h" />
		<Unit filename="../../source/glest_game/sound/sound_container.cpp" />
		<Unit filename="../../source/glest_game/sound/sound_container.h" />
		<Unit filename="../../source/glest_game/sound/sound_renderer.cpp" />
		<Unit filename="../../source/glest_game/sound/sound_renderer.h" />
		<Unit filename="../../source/glest_game/type_instances/command.cpp" />
		<Unit filename="../../source/glest_game/type_instances/command.h" />
		<Unit filename="../../source/glest_game/type_instances/faction.cpp" />
		<Unit filename="../../source/glest_game/type_instances/faction.h" />
		<Unit filename="../../source/glest_game/type_instances/object.cpp" />
		<Unit filename="../../source/glest_game/type_instances/object.h" />
		<Unit filename="../../source/glest_game/type_instances/resource.cpp" />
		<Unit filename="../../source/glest_game/type_instances/resource.h" />
		<Unit filename="../../source/glest_game/type_instances/unit.cpp" />
		<Unit filename="../../source/glest_game/type_instances/unit.h" />
		<Unit filename="../../source/glest_game/type_instances/upgrade.cpp" />
		<Unit filename="../../source/glest_game/type_instances/upgrade.h" />
		<Unit filename="../../source/glest_game/types/command_type.cpp" />
		<Unit filename="../../source/glest_game/types/command_type.h" />
		<Unit filename="../../source/glest_game/types/damage_multiplier.cpp" />
		<Unit filename="../../source/glest_game/types/damage_multiplier.h" />
		<Unit filename="../../source/glest_game/types/element_type.cpp" />
		<Unit filename="../../source/glest_game/types/element_type.h" />
		<Unit filename="../../source/glest_game/types/faction_type.cpp" />
		<Unit filename="../../source/glest_game/types/faction_type.h" />
		<Unit filename="../../source/glest_game/types/object_type.cpp" />
		<Unit filename="../../source/glest_game/types/object_type.h" />
		<Unit filename="../../source/glest_game/types/resource_type.cpp" />
		<Unit filename="../../source/glest_game/types/resource_type.h" />
		<Unit filename="../../source/glest_game/types/skill_type.cpp" />
		<Unit filename="../../source/glest_game/types/skill_type.h" />
		<Unit filename="../../source/glest_game/types/tech_tree.cpp" />
		<Unit filename="../../source/glest_game/types/tech_tree.h" />
		<Unit filename="../../source/glest_game/types/unit_type.cpp" />
		<Unit filename="../../source/glest_game/types/unit_type.h" />
		<Unit filename="../../source/glest_game/types/upgrade_type.cpp" />
		<Unit filename="../../source/glest_game/types/upgrade_type.h" />
		<Unit filename="../../source/glest_game/world/map.cpp" />
		<Unit filename="../../source/glest_game/world/map.h" />
		<Unit filename="../../source/glest_game/world/minimap.cpp" />
		<Unit filename="../../source/glest_game/world/minimap.h" />
		<Unit filename="../../source/glest_game/world/scenario.cpp" />
		<Unit filename="../../source/glest_game/world/scenario.h" />
		<Unit filename="../../source/glest_game/world/surface_atlas.cpp" />
		<Unit filename="../../source/glest_game/world/surface_atlas.h" />
		<Unit filename="../../source/glest_game/world/tileset.cpp" />
		<Unit filename="../../source/glest_game/world/tileset.h" />
		<Unit filename="../../source/glest_game/world/time_flow.cpp" />
		<Unit filename="../../source/glest_game/world/time_flow.h" />
		<Unit filename="../../source/glest_game/world/unit_updater.cpp" />
		<Unit filename="../../source/glest_game/world/unit_updater.h" />
		<Unit filename="../../source/glest_game/world/water_effects.cpp" />
		<Unit filename="../../source/glest_game/world/water_effects.h" />
		<Unit filename="../../source/glest_game/world/world.cpp" />
		<Unit filename="../../source/glest_game/world/world.h" />
		<Extensions>
			<code_completion />
			<debugger />
		</Extensions>
	</Project>
</CodeBlocks_project_file>
