
Microsoft Visual Studio Solution File, Format Version 10.00
# Visual C++ Express 2008
Project("{8BC9CEB8-8B4A-11D0-8D11-00A0C91BC942}") = "glest_game", "glest_game.vcproj", "{6B0C65F1-D031-46AF-AC0D-7C38892D2952}"
	ProjectSection(ProjectDependencies) = postProject
		{8DAA0C24-95CD-4F66-B4C5-19ABDD771746} = {8DAA0C24-95CD-4F66-B4C5-19ABDD771746}
	EndProjectSection
EndProject
Project("{8BC9CEB8-8B4A-11D0-8D11-00A0C91BC942}") = "libglest", "shared_lib.vcproj", "{8DAA0C24-95CD-4F66-B4C5-19ABDD771746}"
	ProjectSection(ProjectDependencies) = postProject
		{CDF4DDB9-945E-4D0D-9F0E-2BBEB5D22141} = {CDF4DDB9-945E-4D0D-9F0E-2BBEB5D22141}
	EndProjectSection
EndProject
Project("{8BC9CEB8-8B4A-11D0-8D11-00A0C91BC942}") = "glest_editor", "glest_editor.vcproj", "{5D09BE33-81EC-450B-8A7B-2E7B941ADC56}"
	ProjectSection(ProjectDependencies) = postProject
		{8DAA0C24-95CD-4F66-B4C5-19ABDD771746} = {8DAA0C24-95CD-4F66-B4C5-19ABDD771746}
	EndProjectSection
EndProject
Project("{8BC9CEB8-8B4A-11D0-8D11-00A0C91BC942}") = "g3d_viewer", "g3d_viewer.vcproj", "{FE5C7C7C-F109-44F5-8329-25A4E24F162C}"
	ProjectSection(ProjectDependencies) = postProject
		{8DAA0C24-95CD-4F66-B4C5-19ABDD771746} = {8DAA0C24-95CD-4F66-B4C5-19ABDD771746}
	EndProjectSection
EndProject
Project("{8BC9CEB8-8B4A-11D0-8D11-00A0C91BC942}") = "glest_configurator", "glest_configurator.vcproj", "{FE5C7C7C-F109-44F5-8329-19A4E24F162D}"
EndProject
Project("{8BC9CEB8-8B4A-11D0-8D11-00A0C91BC942}") = "libstreflop", "libstreflop.vcproj", "{CDF4DDB9-945E-4D0D-9F0E-2BBEB5D22141}"
EndProject
Global
	GlobalSection(SolutionConfigurationPlatforms) = preSolution
		Debug|Win32 = Debug|Win32
		Debug+MT|Win32 = Debug+MT|Win32
		No debug|Win32 = No debug|Win32
		Release with error catching|Win32 = Release with error catching|Win32
		Release|Win32 = Release|Win32
		Release+MT with error catching|Win32 = Release+MT with error catching|Win32
		Syncdebug|Win32 = Syncdebug|Win32
	EndGlobalSection
	GlobalSection(ProjectConfigurationPlatforms) = postSolution
		{6B0C65F1-D031-46AF-AC0D-7C38892D2952}.Debug|Win32.ActiveCfg = Debug|Win32
		{6B0C65F1-D031-46AF-AC0D-7C38892D2952}.Debug|Win32.Build.0 = Debug|Win32
		{6B0C65F1-D031-46AF-AC0D-7C38892D2952}.Debug+MT|Win32.ActiveCfg = Debug|Win32
		{6B0C65F1-D031-46AF-AC0D-7C38892D2952}.Debug+MT|Win32.Build.0 = Debug|Win32
		{6B0C65F1-D031-46AF-AC0D-7C38892D2952}.No debug|Win32.ActiveCfg = Release|Win32
		{6B0C65F1-D031-46AF-AC0D-7C38892D2952}.No debug|Win32.Build.0 = Release|Win32
		{6B0C65F1-D031-46AF-AC0D-7C38892D2952}.Release with error catching|Win32.ActiveCfg = Release|Win32
		{6B0C65F1-D031-46AF-AC0D-7C38892D2952}.Release with error catching|Win32.Build.0 = Release|Win32
		{6B0C65F1-D031-46AF-AC0D-7C38892D2952}.Release|Win32.ActiveCfg = Release|Win32
		{6B0C65F1-D031-46AF-AC0D-7C38892D2952}.Release|Win32.Build.0 = Release|Win32
		{6B0C65F1-D031-46AF-AC0D-7C38892D2952}.Release+MT with error catching|Win32.ActiveCfg = Release|Win32
		{6B0C65F1-D031-46AF-AC0D-7C38892D2952}.Release+MT with error catching|Win32.Build.0 = Release|Win32
		{6B0C65F1-D031-46AF-AC0D-7C38892D2952}.Syncdebug|Win32.ActiveCfg = Release|Win32
		{6B0C65F1-D031-46AF-AC0D-7C38892D2952}.Syncdebug|Win32.Build.0 = Release|Win32
		{8DAA0C24-95CD-4F66-B4C5-19ABDD771746}.Debug|Win32.ActiveCfg = Debug|Win32
		{8DAA0C24-95CD-4F66-B4C5-19ABDD771746}.Debug|Win32.Build.0 = Debug|Win32
		{8DAA0C24-95CD-4F66-B4C5-19ABDD771746}.Debug+MT|Win32.ActiveCfg = Debug|Win32
		{8DAA0C24-95CD-4F66-B4C5-19ABDD771746}.Debug+MT|Win32.Build.0 = Debug|Win32
		{8DAA0C24-95CD-4F66-B4C5-19ABDD771746}.No debug|Win32.ActiveCfg = Release|Win32
		{8DAA0C24-95CD-4F66-B4C5-19ABDD771746}.No debug|Win32.Build.0 = Release|Win32
		{8DAA0C24-95CD-4F66-B4C5-19ABDD771746}.Release with error catching|Win32.ActiveCfg = Release|Win32
		{8DAA0C24-95CD-4F66-B4C5-19ABDD771746}.Release with error catching|Win32.Build.0 = Release|Win32
		{8DAA0C24-95CD-4F66-B4C5-19ABDD771746}.Release|Win32.ActiveCfg = Release|Win32
		{8DAA0C24-95CD-4F66-B4C5-19ABDD771746}.Release|Win32.Build.0 = Release|Win32
		{8DAA0C24-95CD-4F66-B4C5-19ABDD771746}.Release+MT with error catching|Win32.ActiveCfg = Release|Win32
		{8DAA0C24-95CD-4F66-B4C5-19ABDD771746}.Release+MT with error catching|Win32.Build.0 = Release|Win32
		{8DAA0C24-95CD-4F66-B4C5-19ABDD771746}.Syncdebug|Win32.ActiveCfg = Release|Win32
		{8DAA0C24-95CD-4F66-B4C5-19ABDD771746}.Syncdebug|Win32.Build.0 = Release|Win32
		{5D09BE33-81EC-450B-8A7B-2E7B941ADC56}.Debug|Win32.ActiveCfg = Debug|Win32
		{5D09BE33-81EC-450B-8A7B-2E7B941ADC56}.Debug|Win32.Build.0 = Debug|Win32
		{5D09BE33-81EC-450B-8A7B-2E7B941ADC56}.Debug+MT|Win32.ActiveCfg = Debug|Win32
		{5D09BE33-81EC-450B-8A7B-2E7B941ADC56}.Debug+MT|Win32.Build.0 = Debug|Win32
		{5D09BE33-81EC-450B-8A7B-2E7B941ADC56}.No debug|Win32.ActiveCfg = Release|Win32
		{5D09BE33-81EC-450B-8A7B-2E7B941ADC56}.No debug|Win32.Build.0 = Release|Win32
		{5D09BE33-81EC-450B-8A7B-2E7B941ADC56}.Release with error catching|Win32.ActiveCfg = Release|Win32
		{5D09BE33-81EC-450B-8A7B-2E7B941ADC56}.Release with error catching|Win32.Build.0 = Release|Win32
		{5D09BE33-81EC-450B-8A7B-2E7B941ADC56}.Release|Win32.ActiveCfg = Release|Win32
		{5D09BE33-81EC-450B-8A7B-2E7B941ADC56}.Release|Win32.Build.0 = Release|Win32
		{5D09BE33-81EC-450B-8A7B-2E7B941ADC56}.Release+MT with error catching|Win32.ActiveCfg = Release|Win32
		{5D09BE33-81EC-450B-8A7B-2E7B941ADC56}.Release+MT with error catching|Win32.Build.0 = Release|Win32
		{5D09BE33-81EC-450B-8A7B-2E7B941ADC56}.Syncdebug|Win32.ActiveCfg = Release|Win32
		{5D09BE33-81EC-450B-8A7B-2E7B941ADC56}.Syncdebug|Win32.Build.0 = Release|Win32
		{FE5C7C7C-F109-44F5-8329-25A4E24F162C}.Debug|Win32.ActiveCfg = Debug|Win32
		{FE5C7C7C-F109-44F5-8329-25A4E24F162C}.Debug|Win32.Build.0 = Debug|Win32
		{FE5C7C7C-F109-44F5-8329-25A4E24F162C}.Debug+MT|Win32.ActiveCfg = Debug|Win32
		{FE5C7C7C-F109-44F5-8329-25A4E24F162C}.Debug+MT|Win32.Build.0 = Debug|Win32
		{FE5C7C7C-F109-44F5-8329-25A4E24F162C}.No debug|Win32.ActiveCfg = Release|Win32
		{FE5C7C7C-F109-44F5-8329-25A4E24F162C}.No debug|Win32.Build.0 = Release|Win32
		{FE5C7C7C-F109-44F5-8329-25A4E24F162C}.Release with error catching|Win32.ActiveCfg = Release|Win32
		{FE5C7C7C-F109-44F5-8329-25A4E24F162C}.Release with error catching|Win32.Build.0 = Release|Win32
		{FE5C7C7C-F109-44F5-8329-25A4E24F162C}.Release|Win32.ActiveCfg = Release|Win32
		{FE5C7C7C-F109-44F5-8329-25A4E24F162C}.Release|Win32.Build.0 = Release|Win32
		{FE5C7C7C-F109-44F5-8329-25A4E24F162C}.Release+MT with error catching|Win32.ActiveCfg = Release|Win32
		{FE5C7C7C-F109-44F5-8329-25A4E24F162C}.Release+MT with error catching|Win32.Build.0 = Release|Win32
		{FE5C7C7C-F109-44F5-8329-25A4E24F162C}.Syncdebug|Win32.ActiveCfg = Release|Win32
		{FE5C7C7C-F109-44F5-8329-25A4E24F162C}.Syncdebug|Win32.Build.0 = Release|Win32
		{FE5C7C7C-F109-44F5-8329-19A4E24F162D}.Debug|Win32.ActiveCfg = Debug|Win32
		{FE5C7C7C-F109-44F5-8329-19A4E24F162D}.Debug|Win32.Build.0 = Debug|Win32
		{FE5C7C7C-F109-44F5-8329-19A4E24F162D}.Debug+MT|Win32.ActiveCfg = Debug|Win32
		{FE5C7C7C-F109-44F5-8329-19A4E24F162D}.Debug+MT|Win32.Build.0 = Debug|Win32
		{FE5C7C7C-F109-44F5-8329-19A4E24F162D}.No debug|Win32.ActiveCfg = Release|Win32
		{FE5C7C7C-F109-44F5-8329-19A4E24F162D}.No debug|Win32.Build.0 = Release|Win32
		{FE5C7C7C-F109-44F5-8329-19A4E24F162D}.Release with error catching|Win32.ActiveCfg = Release|Win32
		{FE5C7C7C-F109-44F5-8329-19A4E24F162D}.Release with error catching|Win32.Build.0 = Release|Win32
		{FE5C7C7C-F109-44F5-8329-19A4E24F162D}.Release|Win32.ActiveCfg = Release|Win32
		{FE5C7C7C-F109-44F5-8329-19A4E24F162D}.Release|Win32.Build.0 = Release|Win32
		{FE5C7C7C-F109-44F5-8329-19A4E24F162D}.Release+MT with error catching|Win32.ActiveCfg = Release|Win32
		{FE5C7C7C-F109-44F5-8329-19A4E24F162D}.Release+MT with error catching|Win32.Build.0 = Release|Win32
		{FE5C7C7C-F109-44F5-8329-19A4E24F162D}.Syncdebug|Win32.ActiveCfg = Release|Win32
		{FE5C7C7C-F109-44F5-8329-19A4E24F162D}.Syncdebug|Win32.Build.0 = Release|Win32
		{CDF4DDB9-945E-4D0D-9F0E-2BBEB5D22141}.Debug|Win32.ActiveCfg = Debug|Win32
		{CDF4DDB9-945E-4D0D-9F0E-2BBEB5D22141}.Debug|Win32.Build.0 = Debug|Win32
		{CDF4DDB9-945E-4D0D-9F0E-2BBEB5D22141}.Debug+MT|Win32.ActiveCfg = Debug|Win32
		{CDF4DDB9-945E-4D0D-9F0E-2BBEB5D22141}.Debug+MT|Win32.Build.0 = Debug|Win32
		{CDF4DDB9-945E-4D0D-9F0E-2BBEB5D22141}.No debug|Win32.ActiveCfg = Release|Win32
		{CDF4DDB9-945E-4D0D-9F0E-2BBEB5D22141}.No debug|Win32.Build.0 = Release|Win32
		{CDF4DDB9-945E-4D0D-9F0E-2BBEB5D22141}.Release with error catching|Win32.ActiveCfg = Release|Win32
		{CDF4DDB9-945E-4D0D-9F0E-2BBEB5D22141}.Release with error catching|Win32.Build.0 = Release|Win32
		{CDF4DDB9-945E-4D0D-9F0E-2BBEB5D22141}.Release|Win32.ActiveCfg = Release|Win32
		{CDF4DDB9-945E-4D0D-9F0E-2BBEB5D22141}.Release|Win32.Build.0 = Release|Win32
		{CDF4DDB9-945E-4D0D-9F0E-2BBEB5D22141}.Release+MT with error catching|Win32.ActiveCfg = Release|Win32
		{CDF4DDB9-945E-4D0D-9F0E-2BBEB5D22141}.Release+MT with error catching|Win32.Build.0 = Release|Win32
		{CDF4DDB9-945E-4D0D-9F0E-2BBEB5D22141}.Syncdebug|Win32.ActiveCfg = Release|Win32
		{CDF4DDB9-945E-4D0D-9F0E-2BBEB5D22141}.Syncdebug|Win32.Build.0 = Release|Win32
	EndGlobalSection
	GlobalSection(SolutionProperties) = preSolution
		HideSolutionNode = FALSE
	EndGlobalSection
EndGlobal
