<?xml version="1.0" encoding="UTF-8" standalone="yes" ?>
<CodeBlocks_project_file>
	<FileVersion major="1" minor="6" />
	<Project>
		<Option title="libglest" />
		<Option pch_mode="2" />
		<Option compiler="mingw32_compiler" />
		<Build>
			<Target title="Debug Win32">
				<Option output="../../source/win32_deps/lib/libglest.dll" prefix_auto="0" extension_auto="0" />
				<Option working_dir="../../source/win32_deps/lib" />
				<Option object_output="Debug Win32/shared_lib" />
				<Option type="3" />
				<Option compiler="mingw32_compiler" />
				<Option createDefFile="1" />
				<Compiler>
					<Add option="-g" />
					<Add option="-D_WIN32" />
					<Add option="-DWIN32" />
					<Add option="-D_DEBUG" />
					<Add option="-DXML_LIBRARY" />
					<Add option="-D_LIB" />
					<Add option="-D_CRT_SECURE_NO_WARNINGS" />
					<Add option="-DUSE_PCH=1" />
					<Add option="-DUSE_STREFLOP" />
					<Add option="-DSTREFLOP_SSE" />
					<Add option="-DSTREFLOP_RANDOM_GEN_SIZE=32" />
					<Add option="-DLIBM_COMPILING_FLT32" />
					<Add option="-DCURL_STATICLIB" />
					<Add option="-D_STDCALL_SUPPORTED" />
					<Add option="-D_M_IX86" />
					<Add directory="../../source/shared_lib/include" />
					<Add directory="../../source/shared_lib/include/graphics" />
					<Add directory="../../source/shared_lib/include/graphics/gl" />
					<Add directory="../../source/shared_lib/include/platform" />
					<Add directory="../../source/shared_lib/include/platform/win32" />
					<Add directory="../../source/shared_lib/include/sound" />
					<Add directory="../../source/shared_lib/include/sound/ds8" />
					<Add directory="../../source/shared_lib/include/util" />
					<Add directory="../../source/shared_lib/include/lua" />
					<Add directory="../../source/shared_lib/include/xml" />
					<Add directory="../../source/win32_deps/include" />
					<Add directory="../../source/win32_deps/xerces-c-src_2_8_0/src" />
					<Add directory="../../source/win32_deps/xerces-c-src_2_8_0/include" />
					<Add directory="../../source/win32_deps/lpng141" />
					<Add directory="../../source/win32_deps/jpeg-8b" />
					<Add directory="../../source/win32_deps/SDL-1.2.x/include" />
					<Add directory="../../source/shared_lib/include/platform/sdl" />
					<Add directory="../../source/win32_deps/openal-soft-1.12.854/include" />
					<Add directory="../../source/shared_lib/include/sound/openal" />
					<Add directory="../../source/shared_lib/include/platform/posix" />
					<Add directory="../../source/shared_lib/include/streflop" />
					<Add directory="../../source/shared_lib/include/streflop/libm_flt32_source" />
					<Add directory="../../source/shared_lib/include/platform/common" />
					<Add directory="../../source/win32_deps/curl-7.20.1/include" />
					<Add directory="../../source/shared_lib/include/map" />
				</Compiler>
				<ResourceCompiler>
					<Add directory="../../source/shared_lib/include" />
					<Add directory="../../source/shared_lib/include/graphics" />
					<Add directory="../../source/shared_lib/include/graphics/gl" />
					<Add directory="../../source/shared_lib/include/platform" />
					<Add directory="../../source/shared_lib/include/platform/win32" />
					<Add directory="../../source/shared_lib/include/sound" />
					<Add directory="../../source/shared_lib/include/sound/ds8" />
					<Add directory="../../source/shared_lib/include/util" />
					<Add directory="../../source/shared_lib/include/lua" />
					<Add directory="../../source/shared_lib/include/xml" />
					<Add directory="../../source/win32_deps/include" />
					<Add directory="../../source/win32_deps/xerces-c-3.0.1/src" />
					<Add directory="../../source/win32_deps/xerces-c-3.0.1/src/xercesc/xinclude" />
					<Add directory="../../source/win32_deps/lpng141" />
					<Add directory="../../source/win32_deps/jpeg-8a" />
					<Add directory="../../source/win32_deps/SDL-1.2.x/include" />
					<Add directory="../../source/shared_lib/include/platform/sdl" />
					<Add directory="../../source/win32_deps/openal-soft-1.12.854/include" />
					<Add directory="../../source/shared_lib/include/sound/openal" />
					<Add directory="../../source/shared_lib/include/platform/posix" />
					<Add directory="../../source/shared_lib/include/streflop" />
					<Add directory="../../source/shared_lib/include/streflop/libm_flt32_source" />
					<Add directory="../../source/shared_lib/include/platform/common" />
					<Add directory="../../source/win32_deps/curl-7.20.1/include" />
					<Add directory="../../source/shared_lib/include/map" />
				</ResourceCompiler>
				<Linker>
					<Add library="libstreflop" />
					<Add library="jpeg" />
					<Add library="lua5.1" />
					<Add library="liblibpng" />
					<Add library="SDL" />
					<Add library="iphlpapi" />
					<Add library="gdi32" />
					<Add library="dsound" />
					<Add library="OpenAL32" />
					<Add library="liblibcurl" />
					<Add library="xerces-c" />
					<Add library="dxguid" />
					<Add library="liblibogg" />
					<Add library="liblibvorbis" />
					<Add library="liblibvorbisfile" />
					<Add library="liblibvorbisenc" />
					<Add directory="./" />
					<Add directory="../../source/win32_deps/lib" />
					<Add directory="../../source/win32_deps/xerces-c-src_2_8_0/lib" />
				</Linker>
			</Target>
			<Target title="Release Win32">
				<Option output="../../source/win32_deps/lib/libglest.dll" prefix_auto="0" extension_auto="0" />
				<Option working_dir="../../source/win32_deps/lib" />
				<Option object_output="Release Win32/shared_lib" />
				<Option type="3" />
				<Option compiler="mingw32_compiler" />
				<Option createDefFile="1" />
				<Compiler>
					<Add option="-D_WIN32" />
					<Add option="-DWIN32" />
					<Add option="-DNDEBUG" />
					<Add option="-DXML_LIBRARY" />
					<Add option="-D_LIB" />
					<Add option="-D_CRT_SECURE_NO_WARNINGS" />
					<Add option="-DUSE_PCH=1" />
					<Add option="-DUSE_STREFLOP" />
					<Add option="-DSTREFLOP_SSE" />
					<Add option="-DSTREFLOP_RANDOM_GEN_SIZE=32" />
					<Add option="-DLIBM_COMPILING_FLT32" />
					<Add option="-DCURL_STATICLIB" />
					<Add option="-D_STDCALL_SUPPORTED" />
					<Add option="-D_M_IX86" />
					<Add directory="../../source/shared_lib/include" />
					<Add directory="../../source/shared_lib/include/graphics" />
					<Add directory="../../source/shared_lib/include/graphics/gl" />
					<Add directory="../../source/shared_lib/include/platform" />
					<Add directory="../../source/shared_lib/include/platform/win32" />
					<Add directory="../../source/shared_lib/include/sound" />
					<Add directory="../../source/shared_lib/include/sound/ds8" />
					<Add directory="../../source/shared_lib/include/util" />
					<Add directory="../../source/shared_lib/include/lua" />
					<Add directory="../../source/shared_lib/include/xml" />
					<Add directory="../../source/win32_deps/include" />
					<Add directory="../../source/win32_deps/xerces-c-src_2_8_0/src" />
					<Add directory="../../source/win32_deps/xerces-c-src_2_8_0/include" />
					<Add directory="../../source/win32_deps/lpng141" />
					<Add directory="../../source/win32_deps/jpeg-8b" />
					<Add directory="../../source/win32_deps/SDL-1.2.x/include" />
					<Add directory="../../source/shared_lib/include/platform/sdl" />
					<Add directory="../../source/win32_deps/openal-soft-1.12.854/include" />
					<Add directory="../../source/shared_lib/include/sound/openal" />
					<Add directory="../../source/shared_lib/include/platform/posix" />
					<Add directory="../../source/shared_lib/include/streflop" />
					<Add directory="../../source/shared_lib/include/streflop/libm_flt32_source" />
					<Add directory="../../source/shared_lib/include/platform/common" />
					<Add directory="../../source/win32_deps/curl-7.20.1/include" />
					<Add directory="../../source/shared_lib/include/map" />
				</Compiler>
				<ResourceCompiler>
					<Add directory="../../source/shared_lib/include" />
					<Add directory="../../source/shared_lib/include/graphics" />
					<Add directory="../../source/shared_lib/include/graphics/gl" />
					<Add directory="../../source/shared_lib/include/platform" />
					<Add directory="../../source/shared_lib/include/platform/win32" />
					<Add directory="../../source/shared_lib/include/sound" />
					<Add directory="../../source/shared_lib/include/sound/ds8" />
					<Add directory="../../source/shared_lib/include/util" />
					<Add directory="../../source/shared_lib/include/lua" />
					<Add directory="../../source/shared_lib/include/xml" />
					<Add directory="../../source/win32_deps/include" />
					<Add directory="../../source/win32_deps/xerces-c-3.0.1/src" />
					<Add directory="../../source/win32_deps/xerces-c-3.0.1/src/xercesc/xinclude" />
					<Add directory="../../source/win32_deps/lpng141" />
					<Add directory="../../source/win32_deps/jpeg-8a" />
					<Add directory="../../source/win32_deps/SDL-1.2.x/include" />
					<Add directory="../../source/shared_lib/include/platform/sdl" />
					<Add directory="../../source/win32_deps/openal-soft-1.12.854/include" />
					<Add directory="../../source/shared_lib/include/sound/openal" />
					<Add directory="../../source/shared_lib/include/platform/posix" />
					<Add directory="../../source/shared_lib/include/streflop" />
					<Add directory="../../source/shared_lib/include/streflop/libm_flt32_source" />
					<Add directory="../../source/shared_lib/include/platform/common" />
					<Add directory="../../source/win32_deps/curl-7.20.1/include" />
					<Add directory="../../source/shared_lib/include/map" />
				</ResourceCompiler>
				<Linker>
					<Add library="libstreflop" />
					<Add library="jpeg" />
					<Add library="lua5.1" />
					<Add library="liblibpng" />
					<Add library="SDL" />
					<Add library="iphlpapi" />
					<Add library="gdi32" />
					<Add library="dsound" />
					<Add library="OpenAL32" />
					<Add library="liblibcurl" />
					<Add library="xerces-c" />
					<Add library="dxguid" />
					<Add library="liblibogg" />
					<Add library="liblibvorbis" />
					<Add library="liblibvorbisfile" />
					<Add library="liblibvorbisenc" />
					<Add directory="./" />
					<Add directory="../../source/win32_deps/lib" />
					<Add directory="../../source/win32_deps/xerces-c-src_2_8_0/lib" />
				</Linker>
			</Target>
			<Target title="Release Linux">
				<Option output="../../source/linux_deps/lib/libglest.a" prefix_auto="0" extension_auto="0" />
				<Option working_dir="" />
				<Option object_output="Release Linux/shared_lib" />
				<Option type="2" />
				<Option compiler="gcc" />
				<Option createDefFile="1" />
				<Compiler>
					<Add option="-fno-strict-aliasing" />
					<Add option="-frounding-math" />
					<Add option="-fsignaling-nans" />
					<Add option="-mfpmath=sse -msse" />
					<Add option="-fPIC" />
					<Add option="`sdl-config --cflags`" />
					<Add option="-DNDEBUG" />
					<Add option="-DUSE_STREFLOP" />
					<Add option="-DSTREFLOP_SSE" />
					<Add option="-DSTREFLOP_RANDOM_GEN_SIZE=32" />
					<Add option="-DLIBM_COMPILING_FLT32" />
					<Add directory="../../source/shared_lib/include" />
					<Add directory="../../source/shared_lib/include/graphics" />
					<Add directory="../../source/shared_lib/include/graphics/gl" />
					<Add directory="../../source/shared_lib/include/platform" />
					<Add directory="../../source/shared_lib/include/platform/posix" />
					<Add directory="../../source/shared_lib/include/sound" />
					<Add directory="../../source/shared_lib/include/util" />
					<Add directory="../../source/shared_lib/include/lua" />
					<Add directory="../../source/shared_lib/include/xml" />
					<Add directory="../../source/shared_lib/include/platform/sdl" />
					<Add directory="../../source/shared_lib/include/sound/openal" />
					<Add directory="../../source/shared_lib/include/streflop" />
					<Add directory="../../source/shared_lib/include/streflop/libm_flt32_source" />
					<Add directory="../../source/shared_lib/include/platform/common" />
					<Add directory="../../source/shared_lib/include/map" />
					<Add directory="$(THIRDPARTY_INCLUDE_DIR)/lua5.1" />
				</Compiler>
				<ResourceCompiler>
					<Add directory="../../source/shared_lib/include" />
					<Add directory="../../source/shared_lib/include/graphics" />
					<Add directory="../../source/shared_lib/include/graphics/gl" />
					<Add directory="../../source/shared_lib/include/platform" />
					<Add directory="../../source/shared_lib/include/sound" />
					<Add directory="../../source/shared_lib/include/util" />
					<Add directory="../../source/shared_lib/include/lua" />
					<Add directory="../../source/shared_lib/include/xml" />
					<Add directory="../../source/shared_lib/include/platform/sdl" />
					<Add directory="../../source/shared_lib/include/sound/openal" />
					<Add directory="../../source/shared_lib/include/platform/posix" />
					<Add directory="../../source/shared_lib/include/streflop" />
					<Add directory="../../source/shared_lib/include/streflop/libm_flt32_source" />
					<Add directory="../../source/shared_lib/include/platform/common" />
					<Add directory="../../source/shared_lib/include/map" />
				</ResourceCompiler>
				<Linker>
					<Add option="`sdl-config --libs`" />
					<Add library="jpeg" />
					<Add library="lua5.1" />
					<Add library="png" />
					<Add library="SDL" />
					<Add library="openal" />
					<Add library="curl" />
					<Add library="xerces-c" />
					<Add library="ogg" />
					<Add library="vorbis" />
					<Add library="vorbisfile" />
					<Add library="vorbisenc" />
					<Add library="streflop" />
					<Add directory="./" />
					<Add directory="../../source/linux_deps/lib" />
				</Linker>
				<Environment>
					<Variable name="THIRDPARTY_INCLUDE_DIR" value="/usr/include" />
					<Variable name="THIRDPARTY_LIB_DIR" value="/usr/lib" />
				</Environment>
			</Target>
			<Target title="Debug Linux">
				<Option output="../../source/linux_deps/lib/libglest.a" prefix_auto="0" extension_auto="0" />
				<Option working_dir="" />
				<Option object_output="Debug Linux/shared_lib" />
				<Option type="2" />
				<Option compiler="gcc" />
				<Option createDefFile="1" />
				<Compiler>
					<Add option="-Wshadow" />
					<Add option="-Winit-self" />
					<Add option="-Wredundant-decls" />
					<Add option="-Wcast-align" />
					<Add option="-Wundef" />
					<Add option="-Wfloat-equal" />
					<Add option="-Winline" />
					<Add option="-Wunreachable-code" />
					<Add option="-Wmissing-include-dirs" />
					<Add option="-Weffc++" />
					<Add option="-Wextra" />
					<Add option="-Wall" />
					<Add option="-g" />
					<Add option="-fno-strict-aliasing" />
					<Add option="-frounding-math" />
					<Add option="-fsignaling-nans" />
					<Add option="-mfpmath=sse -msse" />
					<Add option="-fPIC" />
					<Add option="`sdl-config --cflags`" />
					<Add option="-DDEBUG" />
					<Add option="-DUSE_STREFLOP" />
					<Add option="-DSTREFLOP_SSE" />
					<Add option="-DSTREFLOP_RANDOM_GEN_SIZE=32" />
					<Add option="-DLIBM_COMPILING_FLT32" />
					<Add directory="../../source/shared_lib/include" />
					<Add directory="../../source/shared_lib/include/graphics" />
					<Add directory="../../source/shared_lib/include/graphics/gl" />
					<Add directory="../../source/shared_lib/include/platform" />
					<Add directory="../../source/shared_lib/include/platform/posix" />
					<Add directory="../../source/shared_lib/include/sound" />
					<Add directory="../../source/shared_lib/include/util" />
					<Add directory="../../source/shared_lib/include/lua" />
					<Add directory="../../source/shared_lib/include/xml" />
					<Add directory="../../source/shared_lib/include/platform/sdl" />
					<Add directory="../../source/shared_lib/include/sound/openal" />
					<Add directory="../../source/shared_lib/include/streflop" />
					<Add directory="../../source/shared_lib/include/streflop/libm_flt32_source" />
					<Add directory="../../source/shared_lib/include/platform/common" />
					<Add directory="../../source/shared_lib/include/map" />
					<Add directory="$(THIRDPARTY_INCLUDE_DIR)/lua5.1" />
				</Compiler>
				<ResourceCompiler>
					<Add directory="../../source/shared_lib/include" />
					<Add directory="../../source/shared_lib/include/graphics" />
					<Add directory="../../source/shared_lib/include/graphics/gl" />
					<Add directory="../../source/shared_lib/include/platform" />
					<Add directory="../../source/shared_lib/include/sound" />
					<Add directory="../../source/shared_lib/include/util" />
					<Add directory="../../source/shared_lib/include/lua" />
					<Add directory="../../source/shared_lib/include/xml" />
					<Add directory="../../source/shared_lib/include/platform/sdl" />
					<Add directory="../../source/shared_lib/include/sound/openal" />
					<Add directory="../../source/shared_lib/include/platform/posix" />
					<Add directory="../../source/shared_lib/include/streflop" />
					<Add directory="../../source/shared_lib/include/streflop/libm_flt32_source" />
					<Add directory="../../source/shared_lib/include/platform/common" />
					<Add directory="../../source/shared_lib/include/map" />
				</ResourceCompiler>
				<Linker>
					<Add option="`sdl-config --libs`" />
					<Add library="jpeg" />
					<Add library="lua5.1" />
					<Add library="png" />
					<Add library="SDL" />
					<Add library="openal" />
					<Add library="curl" />
					<Add library="xerces-c" />
					<Add library="ogg" />
					<Add library="vorbis" />
					<Add library="vorbisfile" />
					<Add library="vorbisenc" />
					<Add library="streflop" />
					<Add directory="./" />
					<Add directory="../../source/linux_deps/lib" />
				</Linker>
				<Environment>
					<Variable name="THIRDPARTY_INCLUDE_DIR" value="/usr/include" />
					<Variable name="THIRDPARTY_LIB_DIR" value="/usr/lib" />
				</Environment>
			</Target>
		</Build>
		<Unit filename="../../source/shared_lib/include/graphics/BMPReader.h" />
		<Unit filename="../../source/shared_lib/include/graphics/FileReader.h" />
		<Unit filename="../../source/shared_lib/include/graphics/ImageReaders.h" />
		<Unit filename="../../source/shared_lib/include/graphics/JPGReader.h" />
		<Unit filename="../../source/shared_lib/include/graphics/PNGReader.h" />
		<Unit filename="../../source/shared_lib/include/graphics/TGAReader.h" />
		<Unit filename="../../source/shared_lib/include/graphics/buffer.h" />
		<Unit filename="../../source/shared_lib/include/graphics/camera.h" />
		<Unit filename="../../source/shared_lib/include/graphics/context.h" />
		<Unit filename="../../source/shared_lib/include/graphics/font.h" />
		<Unit filename="../../source/shared_lib/include/graphics/font_manager.h" />
		<Unit filename="../../source/shared_lib/include/graphics/gl/base_renderer.h" />
		<Unit filename="../../source/shared_lib/include/graphics/gl/context_gl.h" />
		<Unit filename="../../source/shared_lib/include/graphics/gl/font_gl.h" />
		<Unit filename="../../source/shared_lib/include/graphics/gl/graphics_factory_basic_gl.h" />
		<Unit filename="../../source/shared_lib/include/graphics/gl/graphics_factory_gl.h" />
		<Unit filename="../../source/shared_lib/include/graphics/gl/graphics_factory_gl2.h" />
		<Unit filename="../../source/shared_lib/include/graphics/gl/model_gl.h" />
		<Unit filename="../../source/shared_lib/include/graphics/gl/model_renderer_gl.h" />
		<Unit filename="../../source/shared_lib/include/graphics/gl/opengl.h" />
		<Unit filename="../../source/shared_lib/include/graphics/gl/particle_renderer_gl.h" />
		<Unit filename="../../source/shared_lib/include/graphics/gl/shader_gl.h" />
		<Unit filename="../../source/shared_lib/include/graphics/gl/text_renderer_gl.h" />
		<Unit filename="../../source/shared_lib/include/graphics/gl/texture_gl.h" />
		<Unit filename="../../source/shared_lib/include/graphics/graphics_factory.h" />
		<Unit filename="../../source/shared_lib/include/graphics/graphics_interface.h" />
		<Unit filename="../../source/shared_lib/include/graphics/interpolation.h" />
		<Unit filename="../../source/shared_lib/include/graphics/math_util.h" />
		<Unit filename="../../source/shared_lib/include/graphics/matrix.h" />
		<Unit filename="../../source/shared_lib/include/graphics/model.h" />
		<Unit filename="../../source/shared_lib/include/graphics/model_header.h" />
		<Unit filename="../../source/shared_lib/include/graphics/model_manager.h" />
		<Unit filename="../../source/shared_lib/include/graphics/model_renderer.h" />
		<Unit filename="../../source/shared_lib/include/graphics/particle.h" />
		<Unit filename="../../source/shared_lib/include/graphics/particle_renderer.h" />
		<Unit filename="../../source/shared_lib/include/graphics/pixmap.h" />
		<Unit filename="../../source/shared_lib/include/graphics/quaternion.h" />
		<Unit filename="../../source/shared_lib/include/graphics/shader.h" />
		<Unit filename="../../source/shared_lib/include/graphics/shader_manager.h" />
		<Unit filename="../../source/shared_lib/include/graphics/text_renderer.h" />
		<Unit filename="../../source/shared_lib/include/graphics/texture.h" />
		<Unit filename="../../source/shared_lib/include/graphics/texture_manager.h" />
		<Unit filename="../../source/shared_lib/include/graphics/vec.h" />
		<Unit filename="../../source/shared_lib/include/lua/lua_script.h" />
		<Unit filename="../../source/shared_lib/include/map/map_preview.h" />
		<Unit filename="../../source/shared_lib/include/platform/common/base_thread.h" />
		<Unit filename="../../source/shared_lib/include/platform/common/cache_manager.h" />
		<Unit filename="../../source/shared_lib/include/platform/common/math_wrapper.h" />
		<Unit filename="../../source/shared_lib/include/platform/common/platform_common.h" />
		<Unit filename="../../source/shared_lib/include/platform/common/simple_threads.h" />
		<Unit filename="../../source/shared_lib/include/platform/posix/socket.h" />
		<Unit filename="../../source/shared_lib/include/platform/sdl/factory_repository.h">
			<Option target="Release Linux" />
			<Option target="Debug Linux" />
		</Unit>
		<Unit filename="../../source/shared_lib/include/platform/sdl/gl_wrap.h" />
		<Unit filename="../../source/shared_lib/include/platform/sdl/noimpl.h" />
		<Unit filename="../../source/shared_lib/include/platform/sdl/platform_main.h" />
		<Unit filename="../../source/shared_lib/include/platform/sdl/platform_util.h">
			<Option target="Release Linux" />
			<Option target="Debug Linux" />
		</Unit>
		<Unit filename="../../source/shared_lib/include/platform/sdl/sdl_private.h" />
		<Unit filename="../../source/shared_lib/include/platform/sdl/thread.h" />
		<Unit filename="../../source/shared_lib/include/platform/sdl/types.h">
			<Option target="Release Linux" />
			<Option target="Debug Linux" />
		</Unit>
		<Unit filename="../../source/shared_lib/include/platform/sdl/window.h" />
		<Unit filename="../../source/shared_lib/include/platform/sdl/window_gl.h" />
		<Unit filename="../../source/shared_lib/include/sound/sound.h" />
		<Unit filename="../../source/shared_lib/include/sound/sound_factory.h" />
		<Unit filename="../../source/shared_lib/include/sound/sound_file_loader.h" />
		<Unit filename="../../source/shared_lib/include/sound/sound_interface.h" />
		<Unit filename="../../source/shared_lib/include/sound/sound_player.h" />
		<Unit filename="../../source/shared_lib/include/streflop/FPUSettings.h" />
		<Unit filename="../../source/shared_lib/include/streflop/IntegerTypes.h" />
		<Unit filename="../../source/shared_lib/include/streflop/Random.h" />
		<Unit filename="../../source/shared_lib/include/streflop/SMath.h" />
		<Unit filename="../../source/shared_lib/include/streflop/System.h" />
		<Unit filename="../../source/shared_lib/include/streflop/X87DenormalSquasher.h" />
		<Unit filename="../../source/shared_lib/include/streflop/streflop.h" />
		<Unit filename="../../source/shared_lib/include/streflop/streflopC.h" />
		<Unit filename="../../source/shared_lib/include/streflop/streflop_cond.h" />
		<Unit filename="../../source/shared_lib/include/util/checksum.h" />
		<Unit filename="../../source/shared_lib/include/util/conversion.h" />
		<Unit filename="../../source/shared_lib/include/util/factory.h" />
		<Unit filename="../../source/shared_lib/include/util/heap.h" />
		<Unit filename="../../source/shared_lib/include/util/leak_dumper.h" />
		<Unit filename="../../source/shared_lib/include/util/line.h" />
		<Unit filename="../../source/shared_lib/include/util/profiler.h" />
		<Unit filename="../../source/shared_lib/include/util/properties.h" />
		<Unit filename="../../source/shared_lib/include/util/randomgen.h" />
		<Unit filename="../../source/shared_lib/include/util/util.h" />
		<Unit filename="../../source/shared_lib/include/xml/xml_parser.h" />
		<Unit filename="../../source/shared_lib/sources/graphics/BMPReader.cpp" />
		<Unit filename="../../source/shared_lib/sources/graphics/FileReader.cpp" />
		<Unit filename="../../source/shared_lib/sources/graphics/ImageReaders.cpp" />
		<Unit filename="../../source/shared_lib/sources/graphics/JPGReader.cpp" />
		<Unit filename="../../source/shared_lib/sources/graphics/PNGReader.cpp" />
		<Unit filename="../../source/shared_lib/sources/graphics/TGAReader.cpp" />
		<Unit filename="../../source/shared_lib/sources/graphics/buffer.cpp" />
		<Unit filename="../../source/shared_lib/sources/graphics/camera.cpp" />
		<Unit filename="../../source/shared_lib/sources/graphics/context.cpp" />
		<Unit filename="../../source/shared_lib/sources/graphics/font.cpp" />
		<Unit filename="../../source/shared_lib/sources/graphics/font_manager.cpp" />
		<Unit filename="../../source/shared_lib/sources/graphics/gl/base_renderer.cpp" />
		<Unit filename="../../source/shared_lib/sources/graphics/gl/context_gl.cpp" />
		<Unit filename="../../source/shared_lib/sources/graphics/gl/font_gl.cpp" />
		<Unit filename="../../source/shared_lib/sources/graphics/gl/model_renderer_gl.cpp" />
		<Unit filename="../../source/shared_lib/sources/graphics/gl/opengl.cpp" />
		<Unit filename="../../source/shared_lib/sources/graphics/gl/particle_renderer_gl.cpp" />
		<Unit filename="../../source/shared_lib/sources/graphics/gl/shader_gl.cpp" />
		<Unit filename="../../source/shared_lib/sources/graphics/gl/text_renderer_gl.cpp" />
		<Unit filename="../../source/shared_lib/sources/graphics/gl/texture_gl.cpp" />
		<Unit filename="../../source/shared_lib/sources/graphics/graphics_interface.cpp" />
		<Unit filename="../../source/shared_lib/sources/graphics/interpolation.cpp" />
		<Unit filename="../../source/shared_lib/sources/graphics/model.cpp" />
		<Unit filename="../../source/shared_lib/sources/graphics/model_manager.cpp" />
		<Unit filename="../../source/shared_lib/sources/graphics/particle.cpp" />
		<Unit filename="../../source/shared_lib/sources/graphics/pixmap.cpp" />
		<Unit filename="../../source/shared_lib/sources/graphics/quaternion.cpp" />
		<Unit filename="../../source/shared_lib/sources/graphics/shader.cpp" />
		<Unit filename="../../source/shared_lib/sources/graphics/shader_manager.cpp" />
		<Unit filename="../../source/shared_lib/sources/graphics/texture.cpp" />
		<Unit filename="../../source/shared_lib/sources/graphics/texture_manager.cpp" />
		<Unit filename="../../source/shared_lib/sources/lua/lua_script.cpp" />
		<Unit filename="../../source/shared_lib/sources/map/map_preview.cpp" />
		<Unit filename="../../source/shared_lib/sources/platform/common/base_thread.cpp" />
		<Unit filename="../../source/shared_lib/sources/platform/common/cache_manager.cpp" />
		<Unit filename="../../source/shared_lib/sources/platform/common/platform_common.cpp" />
		<Unit filename="../../source/shared_lib/sources/platform/common/simple_threads.cpp" />
		<Unit filename="../../source/shared_lib/sources/platform/posix/socket.cpp" />
		<Unit filename="../../source/shared_lib/sources/platform/sdl/factory_repository.cpp">
			<Option target="Release Linux" />
			<Option target="Debug Linux" />
		</Unit>
		<Unit filename="../../source/shared_lib/sources/platform/sdl/gl_wrap.cpp" />
		<Unit filename="../../source/shared_lib/sources/platform/sdl/platform_util.cpp">
			<Option target="Release Linux" />
			<Option target="Debug Linux" />
		</Unit>
		<Unit filename="../../source/shared_lib/sources/platform/sdl/thread.cpp" />
		<Unit filename="../../source/shared_lib/sources/platform/sdl/window.cpp" />
		<Unit filename="../../source/shared_lib/sources/platform/sdl/window_gl.cpp" />
		<Unit filename="../../source/shared_lib/sources/platform/unix/gl_wrap.cpp">
			<Option target="Release Linux" />
			<Option target="Debug Linux" />
		</Unit>
		<Unit filename="../../source/shared_lib/sources/platform/win32/factory_repository.cpp">
			<Option target="Debug Win32" />
			<Option target="Release Win32" />
		</Unit>
		<Unit filename="../../source/shared_lib/sources/platform/win32/gl_wrap_billy.cpp">
			<Option target="Debug Win32" />
			<Option target="Release Win32" />
		</Unit>
		<Unit filename="../../source/shared_lib/sources/platform/win32/glob.c">
			<Option compilerVar="CC" />
			<Option target="Debug Win32" />
			<Option target="Release Win32" />
		</Unit>
		<Unit filename="../../source/shared_lib/sources/platform/win32/platform_util.cpp">
			<Option target="Debug Win32" />
			<Option target="Release Win32" />
		</Unit>
		<Unit filename="../../source/shared_lib/sources/sound/ds8/sound_player_ds8.cpp">
			<Option target="Debug Win32" />
			<Option target="Release Win32" />
		</Unit>
		<Unit filename="../../source/shared_lib/sources/sound/openal/sound_player_openal.cpp" />
		<Unit filename="../../source/shared_lib/sources/sound/sound.cpp" />
		<Unit filename="../../source/shared_lib/sources/sound/sound_file_loader.cpp" />
		<Unit filename="../../source/shared_lib/sources/sound/sound_interface.cpp" />
		<Unit filename="../../source/shared_lib/sources/sound/sound_player.cpp" />
		<Unit filename="../../source/shared_lib/sources/streflop/Random.cpp" />
		<Unit filename="../../source/shared_lib/sources/streflop/SMath.cpp" />
		<Unit filename="../../source/shared_lib/sources/streflop/streflopC.cpp" />
		<Unit filename="../../source/shared_lib/sources/util/checksum.cpp" />
		<Unit filename="../../source/shared_lib/sources/util/conversion.cpp" />
		<Unit filename="../../source/shared_lib/sources/util/leak_dumper.cpp" />
		<Unit filename="../../source/shared_lib/sources/util/profiler.cpp" />
		<Unit filename="../../source/shared_lib/sources/util/properties.cpp" />
		<Unit filename="../../source/shared_lib/sources/util/randomgen.cpp" />
		<Unit filename="../../source/shared_lib/sources/util/util.cpp" />
		<Unit filename="../../source/shared_lib/sources/xml/xml_parser.cpp" />
		<Unit filename="../../source/win32_deps/src/glprocs.c">
			<Option compilerVar="CC" />
			<Option target="Debug Win32" />
			<Option target="Release Win32" />
		</Unit>
		<Extensions>
			<code_completion />
			<debugger />
		</Extensions>
	</Project>
</CodeBlocks_project_file>
