
Microsoft Visual Studio Solution File, Format Version 10.00
# Visual C++ Express 2008
Project("{8BC9CEB8-8B4A-11D0-8D11-00A0C91BC942}") = "libircclient", "libircclient\libircclient.vcproj", "{DF5B1705-0F15-4F0B-BD89-27E461F57777}"
EndProject
Global
	GlobalSection(SolutionConfigurationPlatforms) = preSolution
		Debug|Win32 = Debug|Win32
		Release|Win32 = Release|Win32
	EndGlobalSection
	GlobalSection(ProjectConfigurationPlatforms) = postSolution
		{DF5B1705-0F15-4F0B-BD89-27E461F57777}.Debug|Win32.ActiveCfg = Debug|Win32
		{DF5B1705-0F15-4F0B-BD89-27E461F57777}.Debug|Win32.Build.0 = Debug|Win32
		{DF5B1705-0F15-4F0B-BD89-27E461F57777}.Release|Win32.ActiveCfg = Release|Win32
		{DF5B1705-0F15-4F0B-BD89-27E461F57777}.Release|Win32.Build.0 = Release|Win32
	EndGlobalSection
	GlobalSection(SolutionProperties) = preSolution
		HideSolutionNode = FALSE
	EndGlobalSection
EndGlobal
